// !$*UTF8*$!
{
	archiveVersion = 1;
	classes = {
	};
	objectVersion = 55;
	objects = {

/* Begin PBXBuildFile section */
		178C6E98E408BC2EBCF9C1FC /* Pods_mock_project.framework in Frameworks */ = {isa = PBXBuildFile; fileRef = A0D5BE3376B8672B5B211AF3 /* Pods_mock_project.framework */; };
		901D71FB28EC8E7C003BE0BF /* ItemCollectionViewCell.swift in Sources */ = {isa = PBXBuildFile; fileRef = 901D71E928EC8E7C003BE0BF /* ItemCollectionViewCell.swift */; };
		901D71FC28EC8E7C003BE0BF /* ListItemTableViewCell.xib in Resources */ = {isa = PBXBuildFile; fileRef = 901D71EA28EC8E7C003BE0BF /* ListItemTableViewCell.xib */; };
		901D71FD28EC8E7C003BE0BF /* SearchTableViewCell.xib in Resources */ = {isa = PBXBuildFile; fileRef = 901D71EB28EC8E7C003BE0BF /* SearchTableViewCell.xib */; };
		901D71FE28EC8E7C003BE0BF /* ItemCollectionViewCell.xib in Resources */ = {isa = PBXBuildFile; fileRef = 901D71EC28EC8E7C003BE0BF /* ItemCollectionViewCell.xib */; };
		901D71FF28EC8E7C003BE0BF /* ListItemTableViewCell.swift in Sources */ = {isa = PBXBuildFile; fileRef = 901D71ED28EC8E7C003BE0BF /* ListItemTableViewCell.swift */; };
		901D720028EC8E7C003BE0BF /* CategoryTableViewCell.swift in Sources */ = {isa = PBXBuildFile; fileRef = 901D71EE28EC8E7C003BE0BF /* CategoryTableViewCell.swift */; };
		901D720128EC8E7C003BE0BF /* SearchTableViewCell.swift in Sources */ = {isa = PBXBuildFile; fileRef = 901D71EF28EC8E7C003BE0BF /* SearchTableViewCell.swift */; };
		901D720228EC8E7C003BE0BF /* CategoryTableViewCell.xib in Resources */ = {isa = PBXBuildFile; fileRef = 901D71F028EC8E7C003BE0BF /* CategoryTableViewCell.xib */; };
		901D720328EC8E7C003BE0BF /* DetailItemViewController.xib in Resources */ = {isa = PBXBuildFile; fileRef = 901D71F228EC8E7C003BE0BF /* DetailItemViewController.xib */; };
		901D720428EC8E7C003BE0BF /* DetailItemViewController.swift in Sources */ = {isa = PBXBuildFile; fileRef = 901D71F328EC8E7C003BE0BF /* DetailItemViewController.swift */; };
		901D720528EC8E7C003BE0BF /* NameTableViewCell.swift in Sources */ = {isa = PBXBuildFile; fileRef = 901D71F528EC8E7C003BE0BF /* NameTableViewCell.swift */; };
		901D720628EC8E7C003BE0BF /* DescriptionTableViewCell.xib in Resources */ = {isa = PBXBuildFile; fileRef = 901D71F628EC8E7C003BE0BF /* DescriptionTableViewCell.xib */; };
		901D720728EC8E7C003BE0BF /* InformationTableViewCell.swift in Sources */ = {isa = PBXBuildFile; fileRef = 901D71F728EC8E7C003BE0BF /* InformationTableViewCell.swift */; };
		901D720828EC8E7C003BE0BF /* DescriptionTableViewCell.swift in Sources */ = {isa = PBXBuildFile; fileRef = 901D71F828EC8E7C003BE0BF /* DescriptionTableViewCell.swift */; };
		901D720928EC8E7C003BE0BF /* InformationTableViewCell.xib in Resources */ = {isa = PBXBuildFile; fileRef = 901D71F928EC8E7C003BE0BF /* InformationTableViewCell.xib */; };
		901D720A28EC8E7C003BE0BF /* NameTableViewCell.xib in Resources */ = {isa = PBXBuildFile; fileRef = 901D71FA28EC8E7C003BE0BF /* NameTableViewCell.xib */; };
		909D367A28EC915B00BA8C5A /* ListViewController.xib in Resources */ = {isa = PBXBuildFile; fileRef = 909D367828EC915B00BA8C5A /* ListViewController.xib */; };
		909D367B28EC915B00BA8C5A /* ListViewController.swift in Sources */ = {isa = PBXBuildFile; fileRef = 909D367928EC915B00BA8C5A /* ListViewController.swift */; };
		909D368128EC925F00BA8C5A /* LoginViewController.xib in Resources */ = {isa = PBXBuildFile; fileRef = 909D367D28EC925F00BA8C5A /* LoginViewController.xib */; };
		909D368228EC925F00BA8C5A /* SignUpViewController.swift in Sources */ = {isa = PBXBuildFile; fileRef = 909D367E28EC925F00BA8C5A /* SignUpViewController.swift */; };
		909D368328EC925F00BA8C5A /* LoginViewController.swift in Sources */ = {isa = PBXBuildFile; fileRef = 909D367F28EC925F00BA8C5A /* LoginViewController.swift */; };
		909D368428EC925F00BA8C5A /* SignUpViewController.xib in Resources */ = {isa = PBXBuildFile; fileRef = 909D368028EC925F00BA8C5A /* SignUpViewController.xib */; };
		909D368628EC9BD200BA8C5A /* GoogleService-Info.plist in Resources */ = {isa = PBXBuildFile; fileRef = 909D368528EC9BD200BA8C5A /* GoogleService-Info.plist */; };
		909D368928ED17C500BA8C5A /* SuccessViewController.swift in Sources */ = {isa = PBXBuildFile; fileRef = 909D368728ED17C500BA8C5A /* SuccessViewController.swift */; };
		909D368A28ED17C500BA8C5A /* SuccessViewController.xib in Resources */ = {isa = PBXBuildFile; fileRef = 909D368828ED17C500BA8C5A /* SuccessViewController.xib */; };
		9D36D47528E5B20C009B4061 /* AppDelegate.swift in Sources */ = {isa = PBXBuildFile; fileRef = 9D36D47428E5B20C009B4061 /* AppDelegate.swift */; };
		9D36D47728E5B20C009B4061 /* SceneDelegate.swift in Sources */ = {isa = PBXBuildFile; fileRef = 9D36D47628E5B20C009B4061 /* SceneDelegate.swift */; };
		9D36D47928E5B20C009B4061 /* HomeController.swift in Sources */ = {isa = PBXBuildFile; fileRef = 9D36D47828E5B20C009B4061 /* HomeController.swift */; };
		9D36D47C28E5B20C009B4061 /* Main.storyboard in Resources */ = {isa = PBXBuildFile; fileRef = 9D36D47A28E5B20C009B4061 /* Main.storyboard */; };
		9D36D47F28E5B20C009B4061 /* mock_project.xcdatamodeld in Sources */ = {isa = PBXBuildFile; fileRef = 9D36D47D28E5B20C009B4061 /* mock_project.xcdatamodeld */; };
		9D36D48128E5B20E009B4061 /* Assets.xcassets in Resources */ = {isa = PBXBuildFile; fileRef = 9D36D48028E5B20E009B4061 /* Assets.xcassets */; };
		9D36D48428E5B20E009B4061 /* LaunchScreen.storyboard in Resources */ = {isa = PBXBuildFile; fileRef = 9D36D48228E5B20E009B4061 /* LaunchScreen.storyboard */; };
		9D36D49328E5B426009B4061 /* HomeViewController.swift in Sources */ = {isa = PBXBuildFile; fileRef = 9D36D49128E5B426009B4061 /* HomeViewController.swift */; };
		9D36D49428E5B426009B4061 /* HomeViewController.xib in Resources */ = {isa = PBXBuildFile; fileRef = 9D36D49228E5B426009B4061 /* HomeViewController.xib */; };
		9D36D49F28E5B45A009B4061 /* AccountViewController.swift in Sources */ = {isa = PBXBuildFile; fileRef = 9D36D49D28E5B45A009B4061 /* AccountViewController.swift */; };
		9D36D4A028E5B45A009B4061 /* AccountViewController.xib in Resources */ = {isa = PBXBuildFile; fileRef = 9D36D49E28E5B45A009B4061 /* AccountViewController.xib */; };
		9D7BA91128E9562F00319CCE /* HomeInstance.swift in Sources */ = {isa = PBXBuildFile; fileRef = 9D7BA91028E9562F00319CCE /* HomeInstance.swift */; };
		9D7BA91528E9585800319CCE /* LibraryCell.swift in Sources */ = {isa = PBXBuildFile; fileRef = 9D7BA91328E9585800319CCE /* LibraryCell.swift */; };
		9D7BA91628E9585800319CCE /* LibraryCell.xib in Resources */ = {isa = PBXBuildFile; fileRef = 9D7BA91428E9585800319CCE /* LibraryCell.xib */; };
		9D7BA91A28E9595B00319CCE /* CategoriesTableCell.swift in Sources */ = {isa = PBXBuildFile; fileRef = 9D7BA91828E9595B00319CCE /* CategoriesTableCell.swift */; };
		9D7BA91B28E9595B00319CCE /* CategoriesTableCell.xib in Resources */ = {isa = PBXBuildFile; fileRef = 9D7BA91928E9595B00319CCE /* CategoriesTableCell.xib */; };
		9D7BA92028E9599100319CCE /* FavoriteTableCell.swift in Sources */ = {isa = PBXBuildFile; fileRef = 9D7BA91E28E9599100319CCE /* FavoriteTableCell.swift */; };
		9D7BA92128E9599100319CCE /* FavoriteTableCell.xib in Resources */ = {isa = PBXBuildFile; fileRef = 9D7BA91F28E9599100319CCE /* FavoriteTableCell.xib */; };
		9D7BA92528E959A600319CCE /* LibraryTableCell.swift in Sources */ = {isa = PBXBuildFile; fileRef = 9D7BA92328E959A600319CCE /* LibraryTableCell.swift */; };
		9D7BA92628E959A600319CCE /* LibraryTableCell.xib in Resources */ = {isa = PBXBuildFile; fileRef = 9D7BA92428E959A600319CCE /* LibraryTableCell.xib */; };
		9D7BA92828EA042700319CCE /* PinterestLayout.swift in Sources */ = {isa = PBXBuildFile; fileRef = 9D7BA92728EA042700319CCE /* PinterestLayout.swift */; };
		9D7BA92B28EA795E00319CCE /* LibraryCollectionViewController.swift in Sources */ = {isa = PBXBuildFile; fileRef = 9D7BA92928EA795E00319CCE /* LibraryCollectionViewController.swift */; };
		9D7BA92C28EA795E00319CCE /* LibraryCollectionViewController.xib in Resources */ = {isa = PBXBuildFile; fileRef = 9D7BA92A28EA795E00319CCE /* LibraryCollectionViewController.xib */; };
		9D7BA93328EADD1500319CCE /* HandBookViewController.swift in Sources */ = {isa = PBXBuildFile; fileRef = 9D7BA93128EADD1500319CCE /* HandBookViewController.swift */; };
		9D7BA93428EADD1500319CCE /* HandBookViewController.xib in Resources */ = {isa = PBXBuildFile; fileRef = 9D7BA93228EADD1500319CCE /* HandBookViewController.xib */; };
		9D7BA93828EAE9FF00319CCE /* SearchCell.swift in Sources */ = {isa = PBXBuildFile; fileRef = 9D7BA93628EAE9FF00319CCE /* SearchCell.swift */; };
		9D7BA93928EAE9FF00319CCE /* SearchCell.xib in Resources */ = {isa = PBXBuildFile; fileRef = 9D7BA93728EAE9FF00319CCE /* SearchCell.xib */; };
		9D7BA93E28EAEA2600319CCE /* PostCell.swift in Sources */ = {isa = PBXBuildFile; fileRef = 9D7BA93C28EAEA2600319CCE /* PostCell.swift */; };
		9D7BA93F28EAEA2600319CCE /* PostCell.xib in Resources */ = {isa = PBXBuildFile; fileRef = 9D7BA93D28EAEA2600319CCE /* PostCell.xib */; };
		9D7BA94228EAEAE900319CCE /* SearchTableCell.swift in Sources */ = {isa = PBXBuildFile; fileRef = 9D7BA94028EAEAE900319CCE /* SearchTableCell.swift */; };
		9D7BA94328EAEAE900319CCE /* SearchTableCell.xib in Resources */ = {isa = PBXBuildFile; fileRef = 9D7BA94128EAEAE900319CCE /* SearchTableCell.xib */; };
		9DA6AB4528E5B75600718B19 /* TabbarController.swift in Sources */ = {isa = PBXBuildFile; fileRef = 9DA6AB4328E5B75600718B19 /* TabbarController.swift */; };
		9DA6AB4628E5B75600718B19 /* TabbarController.xib in Resources */ = {isa = PBXBuildFile; fileRef = 9DA6AB4428E5B75600718B19 /* TabbarController.xib */; };
		9DA6AB4928E5BE1100718B19 /* Extension.swift in Sources */ = {isa = PBXBuildFile; fileRef = 9DA6AB4828E5BE1100718B19 /* Extension.swift */; };
		9DAD17D528E6F62700296533 /* FavoriteCollectionCell.swift in Sources */ = {isa = PBXBuildFile; fileRef = 9DAD17D328E6F62700296533 /* FavoriteCollectionCell.swift */; };
		9DAD17D628E6F62700296533 /* FavoriteCollectionCell.xib in Resources */ = {isa = PBXBuildFile; fileRef = 9DAD17D428E6F62700296533 /* FavoriteCollectionCell.xib */; };
		9DAD17DA28E6F69100296533 /* CategoriesCell.swift in Sources */ = {isa = PBXBuildFile; fileRef = 9DAD17D828E6F69100296533 /* CategoriesCell.swift */; };
		9DAD17DB28E6F69100296533 /* CategoriesCell.xib in Resources */ = {isa = PBXBuildFile; fileRef = 9DAD17D928E6F69100296533 /* CategoriesCell.xib */; };
/* End PBXBuildFile section */

/* Begin PBXFileReference section */
		901D71E928EC8E7C003BE0BF /* ItemCollectionViewCell.swift */ = {isa = PBXFileReference; fileEncoding = 4; lastKnownFileType = sourcecode.swift; path = ItemCollectionViewCell.swift; sourceTree = "<group>"; };
		901D71EA28EC8E7C003BE0BF /* ListItemTableViewCell.xib */ = {isa = PBXFileReference; fileEncoding = 4; lastKnownFileType = file.xib; path = ListItemTableViewCell.xib; sourceTree = "<group>"; };
		901D71EB28EC8E7C003BE0BF /* SearchTableViewCell.xib */ = {isa = PBXFileReference; fileEncoding = 4; lastKnownFileType = file.xib; path = SearchTableViewCell.xib; sourceTree = "<group>"; };
		901D71EC28EC8E7C003BE0BF /* ItemCollectionViewCell.xib */ = {isa = PBXFileReference; fileEncoding = 4; lastKnownFileType = file.xib; path = ItemCollectionViewCell.xib; sourceTree = "<group>"; };
		901D71ED28EC8E7C003BE0BF /* ListItemTableViewCell.swift */ = {isa = PBXFileReference; fileEncoding = 4; lastKnownFileType = sourcecode.swift; path = ListItemTableViewCell.swift; sourceTree = "<group>"; };
		901D71EE28EC8E7C003BE0BF /* CategoryTableViewCell.swift */ = {isa = PBXFileReference; fileEncoding = 4; lastKnownFileType = sourcecode.swift; path = CategoryTableViewCell.swift; sourceTree = "<group>"; };
		901D71EF28EC8E7C003BE0BF /* SearchTableViewCell.swift */ = {isa = PBXFileReference; fileEncoding = 4; lastKnownFileType = sourcecode.swift; path = SearchTableViewCell.swift; sourceTree = "<group>"; };
		901D71F028EC8E7C003BE0BF /* CategoryTableViewCell.xib */ = {isa = PBXFileReference; fileEncoding = 4; lastKnownFileType = file.xib; path = CategoryTableViewCell.xib; sourceTree = "<group>"; };
		901D71F228EC8E7C003BE0BF /* DetailItemViewController.xib */ = {isa = PBXFileReference; fileEncoding = 4; lastKnownFileType = file.xib; path = DetailItemViewController.xib; sourceTree = "<group>"; };
		901D71F328EC8E7C003BE0BF /* DetailItemViewController.swift */ = {isa = PBXFileReference; fileEncoding = 4; lastKnownFileType = sourcecode.swift; path = DetailItemViewController.swift; sourceTree = "<group>"; };
		901D71F528EC8E7C003BE0BF /* NameTableViewCell.swift */ = {isa = PBXFileReference; fileEncoding = 4; lastKnownFileType = sourcecode.swift; path = NameTableViewCell.swift; sourceTree = "<group>"; };
		901D71F628EC8E7C003BE0BF /* DescriptionTableViewCell.xib */ = {isa = PBXFileReference; fileEncoding = 4; lastKnownFileType = file.xib; path = DescriptionTableViewCell.xib; sourceTree = "<group>"; };
		901D71F728EC8E7C003BE0BF /* InformationTableViewCell.swift */ = {isa = PBXFileReference; fileEncoding = 4; lastKnownFileType = sourcecode.swift; path = InformationTableViewCell.swift; sourceTree = "<group>"; };
		901D71F828EC8E7C003BE0BF /* DescriptionTableViewCell.swift */ = {isa = PBXFileReference; fileEncoding = 4; lastKnownFileType = sourcecode.swift; path = DescriptionTableViewCell.swift; sourceTree = "<group>"; };
		901D71F928EC8E7C003BE0BF /* InformationTableViewCell.xib */ = {isa = PBXFileReference; fileEncoding = 4; lastKnownFileType = file.xib; path = InformationTableViewCell.xib; sourceTree = "<group>"; };
		901D71FA28EC8E7C003BE0BF /* NameTableViewCell.xib */ = {isa = PBXFileReference; fileEncoding = 4; lastKnownFileType = file.xib; path = NameTableViewCell.xib; sourceTree = "<group>"; };
		909D367828EC915B00BA8C5A /* ListViewController.xib */ = {isa = PBXFileReference; fileEncoding = 4; lastKnownFileType = file.xib; path = ListViewController.xib; sourceTree = "<group>"; };
		909D367928EC915B00BA8C5A /* ListViewController.swift */ = {isa = PBXFileReference; fileEncoding = 4; lastKnownFileType = sourcecode.swift; path = ListViewController.swift; sourceTree = "<group>"; };
		909D367D28EC925F00BA8C5A /* LoginViewController.xib */ = {isa = PBXFileReference; fileEncoding = 4; lastKnownFileType = file.xib; path = LoginViewController.xib; sourceTree = "<group>"; };
		909D367E28EC925F00BA8C5A /* SignUpViewController.swift */ = {isa = PBXFileReference; fileEncoding = 4; lastKnownFileType = sourcecode.swift; path = SignUpViewController.swift; sourceTree = "<group>"; };
		909D367F28EC925F00BA8C5A /* LoginViewController.swift */ = {isa = PBXFileReference; fileEncoding = 4; lastKnownFileType = sourcecode.swift; path = LoginViewController.swift; sourceTree = "<group>"; };
		909D368028EC925F00BA8C5A /* SignUpViewController.xib */ = {isa = PBXFileReference; fileEncoding = 4; lastKnownFileType = file.xib; path = SignUpViewController.xib; sourceTree = "<group>"; };
		909D368528EC9BD200BA8C5A /* GoogleService-Info.plist */ = {isa = PBXFileReference; fileEncoding = 4; lastKnownFileType = text.plist.xml; path = "GoogleService-Info.plist"; sourceTree = "<group>"; };
		909D368728ED17C500BA8C5A /* SuccessViewController.swift */ = {isa = PBXFileReference; lastKnownFileType = sourcecode.swift; path = SuccessViewController.swift; sourceTree = "<group>"; };
		909D368828ED17C500BA8C5A /* SuccessViewController.xib */ = {isa = PBXFileReference; lastKnownFileType = file.xib; path = SuccessViewController.xib; sourceTree = "<group>"; };
		93AB01F7FE09D07862548595 /* Pods-mock_project.debug.xcconfig */ = {isa = PBXFileReference; includeInIndex = 1; lastKnownFileType = text.xcconfig; name = "Pods-mock_project.debug.xcconfig"; path = "Target Support Files/Pods-mock_project/Pods-mock_project.debug.xcconfig"; sourceTree = "<group>"; };
		9A57EEBDC8B0FA97200F2A5D /* Pods-mock_project.release.xcconfig */ = {isa = PBXFileReference; includeInIndex = 1; lastKnownFileType = text.xcconfig; name = "Pods-mock_project.release.xcconfig"; path = "Target Support Files/Pods-mock_project/Pods-mock_project.release.xcconfig"; sourceTree = "<group>"; };
		9D36D47128E5B20C009B4061 /* mock_project.app */ = {isa = PBXFileReference; explicitFileType = wrapper.application; includeInIndex = 0; path = mock_project.app; sourceTree = BUILT_PRODUCTS_DIR; };
		9D36D47428E5B20C009B4061 /* AppDelegate.swift */ = {isa = PBXFileReference; lastKnownFileType = sourcecode.swift; path = AppDelegate.swift; sourceTree = "<group>"; };
		9D36D47628E5B20C009B4061 /* SceneDelegate.swift */ = {isa = PBXFileReference; lastKnownFileType = sourcecode.swift; path = SceneDelegate.swift; sourceTree = "<group>"; };
		9D36D47828E5B20C009B4061 /* HomeController.swift */ = {isa = PBXFileReference; lastKnownFileType = sourcecode.swift; path = HomeController.swift; sourceTree = "<group>"; };
		9D36D47B28E5B20C009B4061 /* Base */ = {isa = PBXFileReference; lastKnownFileType = file.storyboard; name = Base; path = Base.lproj/Main.storyboard; sourceTree = "<group>"; };
		9D36D47E28E5B20C009B4061 /* mock_project.xcdatamodel */ = {isa = PBXFileReference; lastKnownFileType = wrapper.xcdatamodel; path = mock_project.xcdatamodel; sourceTree = "<group>"; };
		9D36D48028E5B20E009B4061 /* Assets.xcassets */ = {isa = PBXFileReference; lastKnownFileType = folder.assetcatalog; path = Assets.xcassets; sourceTree = "<group>"; };
		9D36D48328E5B20E009B4061 /* Base */ = {isa = PBXFileReference; lastKnownFileType = file.storyboard; name = Base; path = Base.lproj/LaunchScreen.storyboard; sourceTree = "<group>"; };
		9D36D48528E5B20E009B4061 /* Info.plist */ = {isa = PBXFileReference; lastKnownFileType = text.plist.xml; path = Info.plist; sourceTree = "<group>"; };
		9D36D49128E5B426009B4061 /* HomeViewController.swift */ = {isa = PBXFileReference; lastKnownFileType = sourcecode.swift; path = HomeViewController.swift; sourceTree = "<group>"; };
		9D36D49228E5B426009B4061 /* HomeViewController.xib */ = {isa = PBXFileReference; lastKnownFileType = file.xib; path = HomeViewController.xib; sourceTree = "<group>"; };
		9D36D49D28E5B45A009B4061 /* AccountViewController.swift */ = {isa = PBXFileReference; lastKnownFileType = sourcecode.swift; path = AccountViewController.swift; sourceTree = "<group>"; };
		9D36D49E28E5B45A009B4061 /* AccountViewController.xib */ = {isa = PBXFileReference; lastKnownFileType = file.xib; path = AccountViewController.xib; sourceTree = "<group>"; };
		9D7BA91028E9562F00319CCE /* HomeInstance.swift */ = {isa = PBXFileReference; lastKnownFileType = sourcecode.swift; path = HomeInstance.swift; sourceTree = "<group>"; };
		9D7BA91328E9585800319CCE /* LibraryCell.swift */ = {isa = PBXFileReference; lastKnownFileType = sourcecode.swift; path = LibraryCell.swift; sourceTree = "<group>"; };
		9D7BA91428E9585800319CCE /* LibraryCell.xib */ = {isa = PBXFileReference; lastKnownFileType = file.xib; path = LibraryCell.xib; sourceTree = "<group>"; };
		9D7BA91828E9595B00319CCE /* CategoriesTableCell.swift */ = {isa = PBXFileReference; lastKnownFileType = sourcecode.swift; path = CategoriesTableCell.swift; sourceTree = "<group>"; };
		9D7BA91928E9595B00319CCE /* CategoriesTableCell.xib */ = {isa = PBXFileReference; lastKnownFileType = file.xib; path = CategoriesTableCell.xib; sourceTree = "<group>"; };
		9D7BA91E28E9599100319CCE /* FavoriteTableCell.swift */ = {isa = PBXFileReference; lastKnownFileType = sourcecode.swift; path = FavoriteTableCell.swift; sourceTree = "<group>"; };
		9D7BA91F28E9599100319CCE /* FavoriteTableCell.xib */ = {isa = PBXFileReference; lastKnownFileType = file.xib; path = FavoriteTableCell.xib; sourceTree = "<group>"; };
		9D7BA92328E959A600319CCE /* LibraryTableCell.swift */ = {isa = PBXFileReference; lastKnownFileType = sourcecode.swift; path = LibraryTableCell.swift; sourceTree = "<group>"; };
		9D7BA92428E959A600319CCE /* LibraryTableCell.xib */ = {isa = PBXFileReference; lastKnownFileType = file.xib; path = LibraryTableCell.xib; sourceTree = "<group>"; };
		9D7BA92728EA042700319CCE /* PinterestLayout.swift */ = {isa = PBXFileReference; lastKnownFileType = sourcecode.swift; path = PinterestLayout.swift; sourceTree = "<group>"; };
		9D7BA92928EA795E00319CCE /* LibraryCollectionViewController.swift */ = {isa = PBXFileReference; lastKnownFileType = sourcecode.swift; path = LibraryCollectionViewController.swift; sourceTree = "<group>"; };
		9D7BA92A28EA795E00319CCE /* LibraryCollectionViewController.xib */ = {isa = PBXFileReference; lastKnownFileType = file.xib; path = LibraryCollectionViewController.xib; sourceTree = "<group>"; };
		9D7BA93128EADD1500319CCE /* HandBookViewController.swift */ = {isa = PBXFileReference; lastKnownFileType = sourcecode.swift; path = HandBookViewController.swift; sourceTree = "<group>"; };
		9D7BA93228EADD1500319CCE /* HandBookViewController.xib */ = {isa = PBXFileReference; lastKnownFileType = file.xib; path = HandBookViewController.xib; sourceTree = "<group>"; };
		9D7BA93628EAE9FF00319CCE /* SearchCell.swift */ = {isa = PBXFileReference; lastKnownFileType = sourcecode.swift; path = SearchCell.swift; sourceTree = "<group>"; };
		9D7BA93728EAE9FF00319CCE /* SearchCell.xib */ = {isa = PBXFileReference; lastKnownFileType = file.xib; path = SearchCell.xib; sourceTree = "<group>"; };
		9D7BA93C28EAEA2600319CCE /* PostCell.swift */ = {isa = PBXFileReference; lastKnownFileType = sourcecode.swift; path = PostCell.swift; sourceTree = "<group>"; };
		9D7BA93D28EAEA2600319CCE /* PostCell.xib */ = {isa = PBXFileReference; lastKnownFileType = file.xib; path = PostCell.xib; sourceTree = "<group>"; };
		9D7BA94028EAEAE900319CCE /* SearchTableCell.swift */ = {isa = PBXFileReference; lastKnownFileType = sourcecode.swift; path = SearchTableCell.swift; sourceTree = "<group>"; };
		9D7BA94128EAEAE900319CCE /* SearchTableCell.xib */ = {isa = PBXFileReference; lastKnownFileType = file.xib; path = SearchTableCell.xib; sourceTree = "<group>"; };
		9DA6AB4328E5B75600718B19 /* TabbarController.swift */ = {isa = PBXFileReference; lastKnownFileType = sourcecode.swift; path = TabbarController.swift; sourceTree = "<group>"; };
		9DA6AB4428E5B75600718B19 /* TabbarController.xib */ = {isa = PBXFileReference; lastKnownFileType = file.xib; path = TabbarController.xib; sourceTree = "<group>"; };
		9DA6AB4828E5BE1100718B19 /* Extension.swift */ = {isa = PBXFileReference; lastKnownFileType = sourcecode.swift; path = Extension.swift; sourceTree = "<group>"; };
		9DAD17D328E6F62700296533 /* FavoriteCollectionCell.swift */ = {isa = PBXFileReference; lastKnownFileType = sourcecode.swift; path = FavoriteCollectionCell.swift; sourceTree = "<group>"; };
		9DAD17D428E6F62700296533 /* FavoriteCollectionCell.xib */ = {isa = PBXFileReference; lastKnownFileType = file.xib; path = FavoriteCollectionCell.xib; sourceTree = "<group>"; };
		9DAD17D828E6F69100296533 /* CategoriesCell.swift */ = {isa = PBXFileReference; lastKnownFileType = sourcecode.swift; path = CategoriesCell.swift; sourceTree = "<group>"; };
		9DAD17D928E6F69100296533 /* CategoriesCell.xib */ = {isa = PBXFileReference; lastKnownFileType = file.xib; path = CategoriesCell.xib; sourceTree = "<group>"; };
		A0D5BE3376B8672B5B211AF3 /* Pods_mock_project.framework */ = {isa = PBXFileReference; explicitFileType = wrapper.framework; includeInIndex = 0; path = Pods_mock_project.framework; sourceTree = BUILT_PRODUCTS_DIR; };
/* End PBXFileReference section */

/* Begin PBXFrameworksBuildPhase section */
		9D36D46E28E5B20C009B4061 /* Frameworks */ = {
			isa = PBXFrameworksBuildPhase;
			buildActionMask = 2147483647;
			files = (
				178C6E98E408BC2EBCF9C1FC /* Pods_mock_project.framework in Frameworks */,
			);
			runOnlyForDeploymentPostprocessing = 0;
		};
/* End PBXFrameworksBuildPhase section */

/* Begin PBXGroup section */
		03A5900ECFB09E15F1E38F60 /* Frameworks */ = {
			isa = PBXGroup;
			children = (
				A0D5BE3376B8672B5B211AF3 /* Pods_mock_project.framework */,
			);
			name = Frameworks;
			sourceTree = "<group>";
		};
		4824F05F7AE8239AACE6FB2C /* Pods */ = {
			isa = PBXGroup;
			children = (
				93AB01F7FE09D07862548595 /* Pods-mock_project.debug.xcconfig */,
				9A57EEBDC8B0FA97200F2A5D /* Pods-mock_project.release.xcconfig */,
			);
			path = Pods;
			sourceTree = "<group>";
		};
		901D71E828EC8E7C003BE0BF /* ListCell */ = {
			isa = PBXGroup;
			children = (
				901D71ED28EC8E7C003BE0BF /* ListItemTableViewCell.swift */,
				901D71EA28EC8E7C003BE0BF /* ListItemTableViewCell.xib */,
				901D71E928EC8E7C003BE0BF /* ItemCollectionViewCell.swift */,
				901D71EC28EC8E7C003BE0BF /* ItemCollectionViewCell.xib */,
				901D71EF28EC8E7C003BE0BF /* SearchTableViewCell.swift */,
				901D71EB28EC8E7C003BE0BF /* SearchTableViewCell.xib */,
				901D71EE28EC8E7C003BE0BF /* CategoryTableViewCell.swift */,
				901D71F028EC8E7C003BE0BF /* CategoryTableViewCell.xib */,
			);
			path = ListCell;
			sourceTree = "<group>";
		};
		901D71F128EC8E7C003BE0BF /* DetailItem */ = {
			isa = PBXGroup;
			children = (
				901D71F228EC8E7C003BE0BF /* DetailItemViewController.xib */,
				901D71F328EC8E7C003BE0BF /* DetailItemViewController.swift */,
				901D71F428EC8E7C003BE0BF /* DetailItemCell */,
			);
			path = DetailItem;
			sourceTree = "<group>";
		};
		901D71F428EC8E7C003BE0BF /* DetailItemCell */ = {
			isa = PBXGroup;
			children = (
				901D71F528EC8E7C003BE0BF /* NameTableViewCell.swift */,
				901D71FA28EC8E7C003BE0BF /* NameTableViewCell.xib */,
				901D71F828EC8E7C003BE0BF /* DescriptionTableViewCell.swift */,
				901D71F628EC8E7C003BE0BF /* DescriptionTableViewCell.xib */,
				901D71F728EC8E7C003BE0BF /* InformationTableViewCell.swift */,
				901D71F928EC8E7C003BE0BF /* InformationTableViewCell.xib */,
			);
			path = DetailItemCell;
			sourceTree = "<group>";
		};
		909D367C28EC923F00BA8C5A /* LoginVC */ = {
			isa = PBXGroup;
			children = (
				909D367F28EC925F00BA8C5A /* LoginViewController.swift */,
				909D367D28EC925F00BA8C5A /* LoginViewController.xib */,
				909D367E28EC925F00BA8C5A /* SignUpViewController.swift */,
				909D368028EC925F00BA8C5A /* SignUpViewController.xib */,
				909D368728ED17C500BA8C5A /* SuccessViewController.swift */,
				909D368828ED17C500BA8C5A /* SuccessViewController.xib */,
			);
			path = LoginVC;
			sourceTree = "<group>";
		};
		9D36D46828E5B20C009B4061 = {
			isa = PBXGroup;
			children = (
				9D36D47328E5B20C009B4061 /* mock_project */,
				9D36D47228E5B20C009B4061 /* Products */,
				4824F05F7AE8239AACE6FB2C /* Pods */,
				03A5900ECFB09E15F1E38F60 /* Frameworks */,
			);
			sourceTree = "<group>";
		};
		9D36D47228E5B20C009B4061 /* Products */ = {
			isa = PBXGroup;
			children = (
				9D36D47128E5B20C009B4061 /* mock_project.app */,
			);
			name = Products;
			sourceTree = "<group>";
		};
		9D36D47328E5B20C009B4061 /* mock_project */ = {
			isa = PBXGroup;
			children = (
				909D368528EC9BD200BA8C5A /* GoogleService-Info.plist */,
				9D7BA90F28E9561A00319CCE /* Model */,
				9D36D48B28E5B32F009B4061 /* ViewControl */,
				9D36D47428E5B20C009B4061 /* AppDelegate.swift */,
				9D36D47628E5B20C009B4061 /* SceneDelegate.swift */,
				9D36D47A28E5B20C009B4061 /* Main.storyboard */,
				9D36D48028E5B20E009B4061 /* Assets.xcassets */,
				9D36D48228E5B20E009B4061 /* LaunchScreen.storyboard */,
				9D36D48528E5B20E009B4061 /* Info.plist */,
				9D36D47D28E5B20C009B4061 /* mock_project.xcdatamodeld */,
			);
			path = mock_project;
			sourceTree = "<group>";
		};
		9D36D48B28E5B32F009B4061 /* ViewControl */ = {
			isa = PBXGroup;
			children = (
				909D367C28EC923F00BA8C5A /* LoginVC */,
				9D7BA93028EADCE200319CCE /* HandBookVC */,
				9DA6AB4728E5BDF700718B19 /* Extension */,
				9DA6AB4228E5B6BD00718B19 /* TabbarController */,
				9D36D49C28E5B446009B4061 /* AccountVC */,
				9D36D49528E5B42B009B4061 /* ListVC */,
				9D36D49028E5B40A009B4061 /* HomeVC */,
				9D36D47828E5B20C009B4061 /* HomeController.swift */,
			);
			name = ViewControl;
			path = "ViewControllẻ";
			sourceTree = "<group>";
		};
		9D36D49028E5B40A009B4061 /* HomeVC */ = {
			isa = PBXGroup;
			children = (
				9D7BA91728E9591D00319CCE /* TableCell */,
				9D36D49128E5B426009B4061 /* HomeViewController.swift */,
				9D36D49228E5B426009B4061 /* HomeViewController.xib */,
			);
			path = HomeVC;
			sourceTree = "<group>";
		};
		9D36D49528E5B42B009B4061 /* ListVC */ = {
			isa = PBXGroup;
			children = (
				909D367928EC915B00BA8C5A /* ListViewController.swift */,
				909D367828EC915B00BA8C5A /* ListViewController.xib */,
				901D71F128EC8E7C003BE0BF /* DetailItem */,
				901D71E828EC8E7C003BE0BF /* ListCell */,
			);
			path = ListVC;
			sourceTree = "<group>";
		};
		9D36D49C28E5B446009B4061 /* AccountVC */ = {
			isa = PBXGroup;
			children = (
				9D36D49D28E5B45A009B4061 /* AccountViewController.swift */,
				9D36D49E28E5B45A009B4061 /* AccountViewController.xib */,
			);
			path = AccountVC;
			sourceTree = "<group>";
		};
		9D7BA90F28E9561A00319CCE /* Model */ = {
			isa = PBXGroup;
			children = (
				9D7BA91028E9562F00319CCE /* HomeInstance.swift */,
			);
			path = Model;
			sourceTree = "<group>";
		};
		9D7BA91228E9584200319CCE /* LibraryCollectionCell */ = {
			isa = PBXGroup;
			children = (
				9D7BA91328E9585800319CCE /* LibraryCell.swift */,
				9D7BA91428E9585800319CCE /* LibraryCell.xib */,
			);
			path = LibraryCollectionCell;
			sourceTree = "<group>";
		};
		9D7BA91728E9591D00319CCE /* TableCell */ = {
			isa = PBXGroup;
			children = (
				9D7BA92228E9599300319CCE /* LibraryCell */,
				9D7BA91D28E9597C00319CCE /* FavoriteCell */,
				9D7BA91C28E9596B00319CCE /* CategoriesCell */,
			);
			path = TableCell;
			sourceTree = "<group>";
		};
		9D7BA91C28E9596B00319CCE /* CategoriesCell */ = {
			isa = PBXGroup;
			children = (
				9DAD17D728E6F64000296533 /* CategoriesCollectionCell */,
				9D7BA91828E9595B00319CCE /* CategoriesTableCell.swift */,
				9D7BA91928E9595B00319CCE /* CategoriesTableCell.xib */,
			);
			path = CategoriesCell;
			sourceTree = "<group>";
		};
		9D7BA91D28E9597C00319CCE /* FavoriteCell */ = {
			isa = PBXGroup;
			children = (
				9DAD17D228E6F56700296533 /* FavoriteCollectionCell */,
				9D7BA91E28E9599100319CCE /* FavoriteTableCell.swift */,
				9D7BA91F28E9599100319CCE /* FavoriteTableCell.xib */,
			);
			path = FavoriteCell;
			sourceTree = "<group>";
		};
		9D7BA92228E9599300319CCE /* LibraryCell */ = {
			isa = PBXGroup;
			children = (
				9D7BA91228E9584200319CCE /* LibraryCollectionCell */,
				9D7BA92328E959A600319CCE /* LibraryTableCell.swift */,
				9D7BA92428E959A600319CCE /* LibraryTableCell.xib */,
				9D7BA92728EA042700319CCE /* PinterestLayout.swift */,
				9D7BA92928EA795E00319CCE /* LibraryCollectionViewController.swift */,
				9D7BA92A28EA795E00319CCE /* LibraryCollectionViewController.xib */,
			);
			path = LibraryCell;
			sourceTree = "<group>";
		};
		9D7BA93028EADCE200319CCE /* HandBookVC */ = {
			isa = PBXGroup;
			children = (
				9D7BA93528EAE9C700319CCE /* TableCell */,
				9D7BA93128EADD1500319CCE /* HandBookViewController.swift */,
				9D7BA93228EADD1500319CCE /* HandBookViewController.xib */,
			);
			path = HandBookVC;
			sourceTree = "<group>";
		};
		9D7BA93528EAE9C700319CCE /* TableCell */ = {
			isa = PBXGroup;
			children = (
				9D7BA93B28EAEA0E00319CCE /* PostCell */,
				9D7BA93A28EAEA0400319CCE /* SearchCell */,
			);
			path = TableCell;
			sourceTree = "<group>";
		};
		9D7BA93A28EAEA0400319CCE /* SearchCell */ = {
			isa = PBXGroup;
			children = (
				9D7BA93628EAE9FF00319CCE /* SearchCell.swift */,
				9D7BA93728EAE9FF00319CCE /* SearchCell.xib */,
				9D7BA94028EAEAE900319CCE /* SearchTableCell.swift */,
				9D7BA94128EAEAE900319CCE /* SearchTableCell.xib */,
			);
			path = SearchCell;
			sourceTree = "<group>";
		};
		9D7BA93B28EAEA0E00319CCE /* PostCell */ = {
			isa = PBXGroup;
			children = (
				9D7BA93C28EAEA2600319CCE /* PostCell.swift */,
				9D7BA93D28EAEA2600319CCE /* PostCell.xib */,
			);
			path = PostCell;
			sourceTree = "<group>";
		};
		9DA6AB4228E5B6BD00718B19 /* TabbarController */ = {
			isa = PBXGroup;
			children = (
				9DA6AB4328E5B75600718B19 /* TabbarController.swift */,
				9DA6AB4428E5B75600718B19 /* TabbarController.xib */,
			);
			path = TabbarController;
			sourceTree = "<group>";
		};
		9DA6AB4728E5BDF700718B19 /* Extension */ = {
			isa = PBXGroup;
			children = (
				9DA6AB4828E5BE1100718B19 /* Extension.swift */,
			);
			path = Extension;
			sourceTree = "<group>";
		};
		9DAD17D228E6F56700296533 /* FavoriteCollectionCell */ = {
			isa = PBXGroup;
			children = (
				9DAD17D328E6F62700296533 /* FavoriteCollectionCell.swift */,
				9DAD17D428E6F62700296533 /* FavoriteCollectionCell.xib */,
			);
			path = FavoriteCollectionCell;
			sourceTree = "<group>";
		};
		9DAD17D728E6F64000296533 /* CategoriesCollectionCell */ = {
			isa = PBXGroup;
			children = (
				9DAD17D828E6F69100296533 /* CategoriesCell.swift */,
				9DAD17D928E6F69100296533 /* CategoriesCell.xib */,
			);
			path = CategoriesCollectionCell;
			sourceTree = "<group>";
		};
/* End PBXGroup section */

/* Begin PBXNativeTarget section */
		9D36D47028E5B20C009B4061 /* mock_project */ = {
			isa = PBXNativeTarget;
			buildConfigurationList = 9D36D48828E5B20E009B4061 /* Build configuration list for PBXNativeTarget "mock_project" */;
			buildPhases = (
				E8FDD018B091087B445F7068 /* [CP] Check Pods Manifest.lock */,
				9D36D46D28E5B20C009B4061 /* Sources */,
				9D36D46E28E5B20C009B4061 /* Frameworks */,
				9D36D46F28E5B20C009B4061 /* Resources */,
				9D7BA92F28EAD72000319CCE /* ShellScript */,
				3E3020F5FD650578581E3972 /* [CP] Embed Pods Frameworks */,
			);
			buildRules = (
			);
			dependencies = (
			);
			name = mock_project;
			productName = mock_project;
			productReference = 9D36D47128E5B20C009B4061 /* mock_project.app */;
			productType = "com.apple.product-type.application";
		};
/* End PBXNativeTarget section */

/* Begin PBXProject section */
		9D36D46928E5B20C009B4061 /* Project object */ = {
			isa = PBXProject;
			attributes = {
				BuildIndependentTargetsInParallel = 1;
				LastSwiftUpdateCheck = 1340;
				LastUpgradeCheck = 1340;
				TargetAttributes = {
					9D36D47028E5B20C009B4061 = {
						CreatedOnToolsVersion = 13.4.1;
					};
				};
			};
			buildConfigurationList = 9D36D46C28E5B20C009B4061 /* Build configuration list for PBXProject "mock_project" */;
			compatibilityVersion = "Xcode 13.0";
			developmentRegion = en;
			hasScannedForEncodings = 0;
			knownRegions = (
				en,
				Base,
			);
			mainGroup = 9D36D46828E5B20C009B4061;
			productRefGroup = 9D36D47228E5B20C009B4061 /* Products */;
			projectDirPath = "";
			projectRoot = "";
			targets = (
				9D36D47028E5B20C009B4061 /* mock_project */,
			);
		};
/* End PBXProject section */

/* Begin PBXResourcesBuildPhase section */
		9D36D46F28E5B20C009B4061 /* Resources */ = {
			isa = PBXResourcesBuildPhase;
			buildActionMask = 2147483647;
			files = (
				9D7BA93428EADD1500319CCE /* HandBookViewController.xib in Resources */,
				9D7BA92C28EA795E00319CCE /* LibraryCollectionViewController.xib in Resources */,
				909D368A28ED17C500BA8C5A /* SuccessViewController.xib in Resources */,
				909D368428EC925F00BA8C5A /* SignUpViewController.xib in Resources */,
				9D36D48428E5B20E009B4061 /* LaunchScreen.storyboard in Resources */,
				909D368628EC9BD200BA8C5A /* GoogleService-Info.plist in Resources */,
				901D71FE28EC8E7C003BE0BF /* ItemCollectionViewCell.xib in Resources */,
				9D36D48128E5B20E009B4061 /* Assets.xcassets in Resources */,
				9D7BA92128E9599100319CCE /* FavoriteTableCell.xib in Resources */,
				9D7BA93928EAE9FF00319CCE /* SearchCell.xib in Resources */,
				9D7BA93F28EAEA2600319CCE /* PostCell.xib in Resources */,
				9DA6AB4628E5B75600718B19 /* TabbarController.xib in Resources */,
				9D7BA91628E9585800319CCE /* LibraryCell.xib in Resources */,
				901D71FD28EC8E7C003BE0BF /* SearchTableViewCell.xib in Resources */,
				901D720228EC8E7C003BE0BF /* CategoryTableViewCell.xib in Resources */,
				901D71FC28EC8E7C003BE0BF /* ListItemTableViewCell.xib in Resources */,
				9D7BA92628E959A600319CCE /* LibraryTableCell.xib in Resources */,
				901D720328EC8E7C003BE0BF /* DetailItemViewController.xib in Resources */,
				901D720A28EC8E7C003BE0BF /* NameTableViewCell.xib in Resources */,
				9D36D47C28E5B20C009B4061 /* Main.storyboard in Resources */,
				909D368128EC925F00BA8C5A /* LoginViewController.xib in Resources */,
				9D36D4A028E5B45A009B4061 /* AccountViewController.xib in Resources */,
				909D367A28EC915B00BA8C5A /* ListViewController.xib in Resources */,
				9D36D49428E5B426009B4061 /* HomeViewController.xib in Resources */,
				9D7BA91B28E9595B00319CCE /* CategoriesTableCell.xib in Resources */,
				901D720928EC8E7C003BE0BF /* InformationTableViewCell.xib in Resources */,
				901D720628EC8E7C003BE0BF /* DescriptionTableViewCell.xib in Resources */,
				9DAD17D628E6F62700296533 /* FavoriteCollectionCell.xib in Resources */,
				9D7BA94328EAEAE900319CCE /* SearchTableCell.xib in Resources */,
				9DAD17DB28E6F69100296533 /* CategoriesCell.xib in Resources */,
			);
			runOnlyForDeploymentPostprocessing = 0;
		};
/* End PBXResourcesBuildPhase section */

/* Begin PBXShellScriptBuildPhase section */
		3E3020F5FD650578581E3972 /* [CP] Embed Pods Frameworks */ = {
			isa = PBXShellScriptBuildPhase;
			buildActionMask = 2147483647;
			files = (
			);
			inputFileListPaths = (
				"${PODS_ROOT}/Target Support Files/Pods-mock_project/Pods-mock_project-frameworks-${CONFIGURATION}-input-files.xcfilelist",
			);
			name = "[CP] Embed Pods Frameworks";
			outputFileListPaths = (
				"${PODS_ROOT}/Target Support Files/Pods-mock_project/Pods-mock_project-frameworks-${CONFIGURATION}-output-files.xcfilelist",
			);
			runOnlyForDeploymentPostprocessing = 0;
			shellPath = /bin/sh;
			shellScript = "\"${PODS_ROOT}/Target Support Files/Pods-mock_project/Pods-mock_project-frameworks.sh\"\n";
			showEnvVarsInLog = 0;
		};
		9D7BA92F28EAD72000319CCE /* ShellScript */ = {
			isa = PBXShellScriptBuildPhase;
			buildActionMask = 2147483647;
			files = (
			);
			inputFileListPaths = (
			);
			inputPaths = (
			);
			outputFileListPaths = (
			);
			outputPaths = (
			);
			runOnlyForDeploymentPostprocessing = 0;
			shellPath = /bin/sh;
			shellScript = "export PATH=\"$PATH:/opt/homebrew/bin\"\nif which swiftlint > /dev/null; then\n  swiftlint\nelse\n  echo \"warning: SwiftLint not installed, download from https://github.com/realm/SwiftLint\"\nfi\n";
		};
		E8FDD018B091087B445F7068 /* [CP] Check Pods Manifest.lock */ = {
			isa = PBXShellScriptBuildPhase;
			buildActionMask = 2147483647;
			files = (
			);
			inputFileListPaths = (
			);
			inputPaths = (
				"${PODS_PODFILE_DIR_PATH}/Podfile.lock",
				"${PODS_ROOT}/Manifest.lock",
			);
			name = "[CP] Check Pods Manifest.lock";
			outputFileListPaths = (
			);
			outputPaths = (
				"$(DERIVED_FILE_DIR)/Pods-mock_project-checkManifestLockResult.txt",
			);
			runOnlyForDeploymentPostprocessing = 0;
			shellPath = /bin/sh;
			shellScript = "diff \"${PODS_PODFILE_DIR_PATH}/Podfile.lock\" \"${PODS_ROOT}/Manifest.lock\" > /dev/null\nif [ $? != 0 ] ; then\n    # print error to STDERR\n    echo \"error: The sandbox is not in sync with the Podfile.lock. Run 'pod install' or update your CocoaPods installation.\" >&2\n    exit 1\nfi\n# This output is used by Xcode 'outputs' to avoid re-running this script phase.\necho \"SUCCESS\" > \"${SCRIPT_OUTPUT_FILE_0}\"\n";
			showEnvVarsInLog = 0;
		};
/* End PBXShellScriptBuildPhase section */

/* Begin PBXSourcesBuildPhase section */
		9D36D46D28E5B20C009B4061 /* Sources */ = {
			isa = PBXSourcesBuildPhase;
			buildActionMask = 2147483647;
			files = (
				9DA6AB4928E5BE1100718B19 /* Extension.swift in Sources */,
				9D7BA93828EAE9FF00319CCE /* SearchCell.swift in Sources */,
				901D720528EC8E7C003BE0BF /* NameTableViewCell.swift in Sources */,
				9D36D47928E5B20C009B4061 /* HomeController.swift in Sources */,
				9DA6AB4528E5B75600718B19 /* TabbarController.swift in Sources */,
				901D71FB28EC8E7C003BE0BF /* ItemCollectionViewCell.swift in Sources */,
				901D720428EC8E7C003BE0BF /* DetailItemViewController.swift in Sources */,
				901D720028EC8E7C003BE0BF /* CategoryTableViewCell.swift in Sources */,
				909D367B28EC915B00BA8C5A /* ListViewController.swift in Sources */,
				9D7BA94228EAEAE900319CCE /* SearchTableCell.swift in Sources */,
				9D7BA91128E9562F00319CCE /* HomeInstance.swift in Sources */,
				9D7BA91528E9585800319CCE /* LibraryCell.swift in Sources */,
				909D368328EC925F00BA8C5A /* LoginViewController.swift in Sources */,
				9DAD17DA28E6F69100296533 /* CategoriesCell.swift in Sources */,
				9D36D47F28E5B20C009B4061 /* mock_project.xcdatamodeld in Sources */,
				9D36D47528E5B20C009B4061 /* AppDelegate.swift in Sources */,
				9D7BA91A28E9595B00319CCE /* CategoriesTableCell.swift in Sources */,
				909D368228EC925F00BA8C5A /* SignUpViewController.swift in Sources */,
				9DAD17D528E6F62700296533 /* FavoriteCollectionCell.swift in Sources */,
				901D720828EC8E7C003BE0BF /* DescriptionTableViewCell.swift in Sources */,
				9D7BA92B28EA795E00319CCE /* LibraryCollectionViewController.swift in Sources */,
				9D7BA92028E9599100319CCE /* FavoriteTableCell.swift in Sources */,
				9D36D49328E5B426009B4061 /* HomeViewController.swift in Sources */,
				9D7BA93E28EAEA2600319CCE /* PostCell.swift in Sources */,
				9D36D47728E5B20C009B4061 /* SceneDelegate.swift in Sources */,
				909D368928ED17C500BA8C5A /* SuccessViewController.swift in Sources */,
				9D7BA92828EA042700319CCE /* PinterestLayout.swift in Sources */,
				901D720728EC8E7C003BE0BF /* InformationTableViewCell.swift in Sources */,
				901D720128EC8E7C003BE0BF /* SearchTableViewCell.swift in Sources */,
				901D71FF28EC8E7C003BE0BF /* ListItemTableViewCell.swift in Sources */,
				9D7BA93328EADD1500319CCE /* HandBookViewController.swift in Sources */,
				9D7BA92528E959A600319CCE /* LibraryTableCell.swift in Sources */,
				9D36D49F28E5B45A009B4061 /* AccountViewController.swift in Sources */,
			);
			runOnlyForDeploymentPostprocessing = 0;
		};
/* End PBXSourcesBuildPhase section */

/* Begin PBXVariantGroup section */
		9D36D47A28E5B20C009B4061 /* Main.storyboard */ = {
			isa = PBXVariantGroup;
			children = (
				9D36D47B28E5B20C009B4061 /* Base */,
			);
			name = Main.storyboard;
			sourceTree = "<group>";
		};
		9D36D48228E5B20E009B4061 /* LaunchScreen.storyboard */ = {
			isa = PBXVariantGroup;
			children = (
				9D36D48328E5B20E009B4061 /* Base */,
			);
			name = LaunchScreen.storyboard;
			sourceTree = "<group>";
		};
/* End PBXVariantGroup section */

/* Begin XCBuildConfiguration section */
		9D36D48628E5B20E009B4061 /* Debug */ = {
			isa = XCBuildConfiguration;
			buildSettings = {
				ALWAYS_SEARCH_USER_PATHS = NO;
				CLANG_ANALYZER_NONNULL = YES;
				CLANG_ANALYZER_NUMBER_OBJECT_CONVERSION = YES_AGGRESSIVE;
				CLANG_CXX_LANGUAGE_STANDARD = "gnu++17";
				CLANG_ENABLE_MODULES = YES;
				CLANG_ENABLE_OBJC_ARC = YES;
				CLANG_ENABLE_OBJC_WEAK = YES;
				CLANG_WARN_BLOCK_CAPTURE_AUTORELEASING = YES;
				CLANG_WARN_BOOL_CONVERSION = YES;
				CLANG_WARN_COMMA = YES;
				CLANG_WARN_CONSTANT_CONVERSION = YES;
				CLANG_WARN_DEPRECATED_OBJC_IMPLEMENTATIONS = YES;
				CLANG_WARN_DIRECT_OBJC_ISA_USAGE = YES_ERROR;
				CLANG_WARN_DOCUMENTATION_COMMENTS = YES;
				CLANG_WARN_EMPTY_BODY = YES;
				CLANG_WARN_ENUM_CONVERSION = YES;
				CLANG_WARN_INFINITE_RECURSION = YES;
				CLANG_WARN_INT_CONVERSION = YES;
				CLANG_WARN_NON_LITERAL_NULL_CONVERSION = YES;
				CLANG_WARN_OBJC_IMPLICIT_RETAIN_SELF = YES;
				CLANG_WARN_OBJC_LITERAL_CONVERSION = YES;
				CLANG_WARN_OBJC_ROOT_CLASS = YES_ERROR;
				CLANG_WARN_QUOTED_INCLUDE_IN_FRAMEWORK_HEADER = YES;
				CLANG_WARN_RANGE_LOOP_ANALYSIS = YES;
				CLANG_WARN_STRICT_PROTOTYPES = YES;
				CLANG_WARN_SUSPICIOUS_MOVE = YES;
				CLANG_WARN_UNGUARDED_AVAILABILITY = YES_AGGRESSIVE;
				CLANG_WARN_UNREACHABLE_CODE = YES;
				CLANG_WARN__DUPLICATE_METHOD_MATCH = YES;
				COPY_PHASE_STRIP = NO;
				DEBUG_INFORMATION_FORMAT = dwarf;
				ENABLE_STRICT_OBJC_MSGSEND = YES;
				ENABLE_TESTABILITY = YES;
				GCC_C_LANGUAGE_STANDARD = gnu11;
				GCC_DYNAMIC_NO_PIC = NO;
				GCC_NO_COMMON_BLOCKS = YES;
				GCC_OPTIMIZATION_LEVEL = 0;
				GCC_PREPROCESSOR_DEFINITIONS = (
					"DEBUG=1",
					"$(inherited)",
				);
				GCC_WARN_64_TO_32_BIT_CONVERSION = YES;
				GCC_WARN_ABOUT_RETURN_TYPE = YES_ERROR;
				GCC_WARN_UNDECLARED_SELECTOR = YES;
				GCC_WARN_UNINITIALIZED_AUTOS = YES_AGGRESSIVE;
				GCC_WARN_UNUSED_FUNCTION = YES;
				GCC_WARN_UNUSED_VARIABLE = YES;
				IPHONEOS_DEPLOYMENT_TARGET = 15.5;
				MTL_ENABLE_DEBUG_INFO = INCLUDE_SOURCE;
				MTL_FAST_MATH = YES;
				ONLY_ACTIVE_ARCH = YES;
				SDKROOT = iphoneos;
				SWIFT_ACTIVE_COMPILATION_CONDITIONS = DEBUG;
				SWIFT_OPTIMIZATION_LEVEL = "-Onone";
			};
			name = Debug;
		};
		9D36D48728E5B20E009B4061 /* Release */ = {
			isa = XCBuildConfiguration;
			buildSettings = {
				ALWAYS_SEARCH_USER_PATHS = NO;
				CLANG_ANALYZER_NONNULL = YES;
				CLANG_ANALYZER_NUMBER_OBJECT_CONVERSION = YES_AGGRESSIVE;
				CLANG_CXX_LANGUAGE_STANDARD = "gnu++17";
				CLANG_ENABLE_MODULES = YES;
				CLANG_ENABLE_OBJC_ARC = YES;
				CLANG_ENABLE_OBJC_WEAK = YES;
				CLANG_WARN_BLOCK_CAPTURE_AUTORELEASING = YES;
				CLANG_WARN_BOOL_CONVERSION = YES;
				CLANG_WARN_COMMA = YES;
				CLANG_WARN_CONSTANT_CONVERSION = YES;
				CLANG_WARN_DEPRECATED_OBJC_IMPLEMENTATIONS = YES;
				CLANG_WARN_DIRECT_OBJC_ISA_USAGE = YES_ERROR;
				CLANG_WARN_DOCUMENTATION_COMMENTS = YES;
				CLANG_WARN_EMPTY_BODY = YES;
				CLANG_WARN_ENUM_CONVERSION = YES;
				CLANG_WARN_INFINITE_RECURSION = YES;
				CLANG_WARN_INT_CONVERSION = YES;
				CLANG_WARN_NON_LITERAL_NULL_CONVERSION = YES;
				CLANG_WARN_OBJC_IMPLICIT_RETAIN_SELF = YES;
				CLANG_WARN_OBJC_LITERAL_CONVERSION = YES;
				CLANG_WARN_OBJC_ROOT_CLASS = YES_ERROR;
				CLANG_WARN_QUOTED_INCLUDE_IN_FRAMEWORK_HEADER = YES;
				CLANG_WARN_RANGE_LOOP_ANALYSIS = YES;
				CLANG_WARN_STRICT_PROTOTYPES = YES;
				CLANG_WARN_SUSPICIOUS_MOVE = YES;
				CLANG_WARN_UNGUARDED_AVAILABILITY = YES_AGGRESSIVE;
				CLANG_WARN_UNREACHABLE_CODE = YES;
				CLANG_WARN__DUPLICATE_METHOD_MATCH = YES;
				COPY_PHASE_STRIP = NO;
				DEBUG_INFORMATION_FORMAT = "dwarf-with-dsym";
				ENABLE_NS_ASSERTIONS = NO;
				ENABLE_STRICT_OBJC_MSGSEND = YES;
				GCC_C_LANGUAGE_STANDARD = gnu11;
				GCC_NO_COMMON_BLOCKS = YES;
				GCC_WARN_64_TO_32_BIT_CONVERSION = YES;
				GCC_WARN_ABOUT_RETURN_TYPE = YES_ERROR;
				GCC_WARN_UNDECLARED_SELECTOR = YES;
				GCC_WARN_UNINITIALIZED_AUTOS = YES_AGGRESSIVE;
				GCC_WARN_UNUSED_FUNCTION = YES;
				GCC_WARN_UNUSED_VARIABLE = YES;
				IPHONEOS_DEPLOYMENT_TARGET = 15.5;
				MTL_ENABLE_DEBUG_INFO = NO;
				MTL_FAST_MATH = YES;
				SDKROOT = iphoneos;
				SWIFT_COMPILATION_MODE = wholemodule;
				SWIFT_OPTIMIZATION_LEVEL = "-O";
				VALIDATE_PRODUCT = YES;
			};
			name = Release;
		};
		9D36D48928E5B20E009B4061 /* Debug */ = {
			isa = XCBuildConfiguration;
			baseConfigurationReference = 93AB01F7FE09D07862548595 /* Pods-mock_project.debug.xcconfig */;
			buildSettings = {
				ASSETCATALOG_COMPILER_APPICON_NAME = AppIcon;
				ASSETCATALOG_COMPILER_GLOBAL_ACCENT_COLOR_NAME = AccentColor;
				CODE_SIGN_STYLE = Automatic;
				CURRENT_PROJECT_VERSION = 1;
				GENERATE_INFOPLIST_FILE = YES;
				INFOPLIST_FILE = mock_project/Info.plist;
				INFOPLIST_KEY_UIApplicationSupportsIndirectInputEvents = YES;
				INFOPLIST_KEY_UILaunchStoryboardName = LaunchScreen;
				INFOPLIST_KEY_UIMainStoryboardFile = Main;
				INFOPLIST_KEY_UISupportedInterfaceOrientations_iPad = "UIInterfaceOrientationPortrait UIInterfaceOrientationPortraitUpsideDown UIInterfaceOrientationLandscapeLeft UIInterfaceOrientationLandscapeRight";
				INFOPLIST_KEY_UISupportedInterfaceOrientations_iPhone = "UIInterfaceOrientationPortrait UIInterfaceOrientationLandscapeLeft UIInterfaceOrientationLandscapeRight";
				IPHONEOS_DEPLOYMENT_TARGET = 15.5;
				LD_RUNPATH_SEARCH_PATHS = (
					"$(inherited)",
					"@executable_path/Frameworks",
				);
				MARKETING_VERSION = 1.0;
				PRODUCT_BUNDLE_IDENTIFIER = "mock-project.mock-project";
				PRODUCT_NAME = "$(TARGET_NAME)";
				SWIFT_EMIT_LOC_STRINGS = YES;
				SWIFT_VERSION = 5.0;
				TARGETED_DEVICE_FAMILY = 1;
			};
			name = Debug;
		};
		9D36D48A28E5B20E009B4061 /* Release */ = {
			isa = XCBuildConfiguration;
			baseConfigurationReference = 9A57EEBDC8B0FA97200F2A5D /* Pods-mock_project.release.xcconfig */;
			buildSettings = {
				ASSETCATALOG_COMPILER_APPICON_NAME = AppIcon;
				ASSETCATALOG_COMPILER_GLOBAL_ACCENT_COLOR_NAME = AccentColor;
				CODE_SIGN_STYLE = Automatic;
				CURRENT_PROJECT_VERSION = 1;
				GENERATE_INFOPLIST_FILE = YES;
				INFOPLIST_FILE = mock_project/Info.plist;
				INFOPLIST_KEY_UIApplicationSupportsIndirectInputEvents = YES;
				INFOPLIST_KEY_UILaunchStoryboardName = LaunchScreen;
				INFOPLIST_KEY_UIMainStoryboardFile = Main;
				INFOPLIST_KEY_UISupportedInterfaceOrientations_iPad = "UIInterfaceOrientationPortrait UIInterfaceOrientationPortraitUpsideDown UIInterfaceOrientationLandscapeLeft UIInterfaceOrientationLandscapeRight";
				INFOPLIST_KEY_UISupportedInterfaceOrientations_iPhone = "UIInterfaceOrientationPortrait UIInterfaceOrientationLandscapeLeft UIInterfaceOrientationLandscapeRight";
				IPHONEOS_DEPLOYMENT_TARGET = 15.5;
				LD_RUNPATH_SEARCH_PATHS = (
					"$(inherited)",
					"@executable_path/Frameworks",
				);
				MARKETING_VERSION = 1.0;
				PRODUCT_BUNDLE_IDENTIFIER = "mock-project.mock-project";
				PRODUCT_NAME = "$(TARGET_NAME)";
				SWIFT_EMIT_LOC_STRINGS = YES;
				SWIFT_VERSION = 5.0;
				TARGETED_DEVICE_FAMILY = 1;
			};
			name = Release;
		};
/* End XCBuildConfiguration section */

/* Begin XCConfigurationList section */
		9D36D46C28E5B20C009B4061 /* Build configuration list for PBXProject "mock_project" */ = {
			isa = XCConfigurationList;
			buildConfigurations = (
				9D36D48628E5B20E009B4061 /* Debug */,
				9D36D48728E5B20E009B4061 /* Release */,
			);
			defaultConfigurationIsVisible = 0;
			defaultConfigurationName = Release;
		};
		9D36D48828E5B20E009B4061 /* Build configuration list for PBXNativeTarget "mock_project" */ = {
			isa = XCConfigurationList;
			buildConfigurations = (
				9D36D48928E5B20E009B4061 /* Debug */,
				9D36D48A28E5B20E009B4061 /* Release */,
			);
			defaultConfigurationIsVisible = 0;
			defaultConfigurationName = Release;
		};
/* End XCConfigurationList section */

/* Begin XCVersionGroup section */
		9D36D47D28E5B20C009B4061 /* mock_project.xcdatamodeld */ = {
			isa = XCVersionGroup;
			children = (
				9D36D47E28E5B20C009B4061 /* mock_project.xcdatamodel */,
			);
			currentVersion = 9D36D47E28E5B20C009B4061 /* mock_project.xcdatamodel */;
			path = mock_project.xcdatamodeld;
			sourceTree = "<group>";
			versionGroupType = wrapper.xcdatamodel;
		};
/* End XCVersionGroup section */
	};
	rootObject = 9D36D46928E5B20C009B4061 /* Project object */;
}
