// !$*UTF8*$!
{
	archiveVersion = 1;
	classes = {
	};
	objectVersion = 55;
	objects = {

/* Begin PBXBuildFile section */
		06A1C29F2B9E96AA6A148992 /* Pods_mock_project.framework in Frameworks */ = {isa = PBXBuildFile; fileRef = 43026E7DC099FE8F1BEAF6D5 /* Pods_mock_project.framework */; };
		9D36D47528E5B20C009B4061 /* AppDelegate.swift in Sources */ = {isa = PBXBuildFile; fileRef = 9D36D47428E5B20C009B4061 /* AppDelegate.swift */; };
		9D36D47728E5B20C009B4061 /* SceneDelegate.swift in Sources */ = {isa = PBXBuildFile; fileRef = 9D36D47628E5B20C009B4061 /* SceneDelegate.swift */; };
		9D36D47928E5B20C009B4061 /* LaunchController.swift in Sources */ = {isa = PBXBuildFile; fileRef = 9D36D47828E5B20C009B4061 /* LaunchController.swift */; };
		9D36D47C28E5B20C009B4061 /* Main.storyboard in Resources */ = {isa = PBXBuildFile; fileRef = 9D36D47A28E5B20C009B4061 /* Main.storyboard */; };
		9D36D47F28E5B20C009B4061 /* mock_project.xcdatamodeld in Sources */ = {isa = PBXBuildFile; fileRef = 9D36D47D28E5B20C009B4061 /* mock_project.xcdatamodeld */; };
		9D36D48128E5B20E009B4061 /* Assets.xcassets in Resources */ = {isa = PBXBuildFile; fileRef = 9D36D48028E5B20E009B4061 /* Assets.xcassets */; };
		9D36D48428E5B20E009B4061 /* LaunchScreen.storyboard in Resources */ = {isa = PBXBuildFile; fileRef = 9D36D48228E5B20E009B4061 /* LaunchScreen.storyboard */; };
		9D36D49328E5B426009B4061 /* HomeViewController.swift in Sources */ = {isa = PBXBuildFile; fileRef = 9D36D49128E5B426009B4061 /* HomeViewController.swift */; };
		9D36D49428E5B426009B4061 /* HomeViewController.xib in Resources */ = {isa = PBXBuildFile; fileRef = 9D36D49228E5B426009B4061 /* HomeViewController.xib */; };
		9D4B692B28F1355F00C9C977 /* HandBook.swift in Sources */ = {isa = PBXBuildFile; fileRef = 9D4B692A28F1355F00C9C977 /* HandBook.swift */; };
		9D4B692F28F1638400C9C977 /* HandBookDetailVC.swift in Sources */ = {isa = PBXBuildFile; fileRef = 9D4B692D28F1638400C9C977 /* HandBookDetailVC.swift */; };
		9D4B693028F1638400C9C977 /* HandBookDetailVC.xib in Resources */ = {isa = PBXBuildFile; fileRef = 9D4B692E28F1638400C9C977 /* HandBookDetailVC.xib */; };
		9D4B693428F1659100C9C977 /* HandBookPostCell.swift in Sources */ = {isa = PBXBuildFile; fileRef = 9D4B693228F1659100C9C977 /* HandBookPostCell.swift */; };
		9D4B693528F1659100C9C977 /* HandBookPostCell.xib in Resources */ = {isa = PBXBuildFile; fileRef = 9D4B693328F1659100C9C977 /* HandBookPostCell.xib */; };
		9D7BA91128E9562F00319CCE /* HomeInstance.swift in Sources */ = {isa = PBXBuildFile; fileRef = 9D7BA91028E9562F00319CCE /* HomeInstance.swift */; };
		9D7BA91528E9585800319CCE /* LibraryCell.swift in Sources */ = {isa = PBXBuildFile; fileRef = 9D7BA91328E9585800319CCE /* LibraryCell.swift */; };
		9D7BA91628E9585800319CCE /* LibraryCell.xib in Resources */ = {isa = PBXBuildFile; fileRef = 9D7BA91428E9585800319CCE /* LibraryCell.xib */; };
		9D7BA91A28E9595B00319CCE /* CategoriesTableCell.swift in Sources */ = {isa = PBXBuildFile; fileRef = 9D7BA91828E9595B00319CCE /* CategoriesTableCell.swift */; };
		9D7BA91B28E9595B00319CCE /* CategoriesTableCell.xib in Resources */ = {isa = PBXBuildFile; fileRef = 9D7BA91928E9595B00319CCE /* CategoriesTableCell.xib */; };
		9D7BA92028E9599100319CCE /* FavoriteTableCell.swift in Sources */ = {isa = PBXBuildFile; fileRef = 9D7BA91E28E9599100319CCE /* FavoriteTableCell.swift */; };
		9D7BA92128E9599100319CCE /* FavoriteTableCell.xib in Resources */ = {isa = PBXBuildFile; fileRef = 9D7BA91F28E9599100319CCE /* FavoriteTableCell.xib */; };
		9D7BA92528E959A600319CCE /* LibraryTableCell.swift in Sources */ = {isa = PBXBuildFile; fileRef = 9D7BA92328E959A600319CCE /* LibraryTableCell.swift */; };
		9D7BA92628E959A600319CCE /* LibraryTableCell.xib in Resources */ = {isa = PBXBuildFile; fileRef = 9D7BA92428E959A600319CCE /* LibraryTableCell.xib */; };
		9D7BA92828EA042700319CCE /* PinterestLayout.swift in Sources */ = {isa = PBXBuildFile; fileRef = 9D7BA92728EA042700319CCE /* PinterestLayout.swift */; };
		9D7BA93328EADD1500319CCE /* HandBookViewController.swift in Sources */ = {isa = PBXBuildFile; fileRef = 9D7BA93128EADD1500319CCE /* HandBookViewController.swift */; };
		9D7BA93428EADD1500319CCE /* HandBookViewController.xib in Resources */ = {isa = PBXBuildFile; fileRef = 9D7BA93228EADD1500319CCE /* HandBookViewController.xib */; };
		9D7BA93828EAE9FF00319CCE /* SearchCell.swift in Sources */ = {isa = PBXBuildFile; fileRef = 9D7BA93628EAE9FF00319CCE /* SearchCell.swift */; };
		9D7BA93928EAE9FF00319CCE /* SearchCell.xib in Resources */ = {isa = PBXBuildFile; fileRef = 9D7BA93728EAE9FF00319CCE /* SearchCell.xib */; };
		9D7BA93E28EAEA2600319CCE /* PostCell.swift in Sources */ = {isa = PBXBuildFile; fileRef = 9D7BA93C28EAEA2600319CCE /* PostCell.swift */; };
		9D7BA93F28EAEA2600319CCE /* PostCell.xib in Resources */ = {isa = PBXBuildFile; fileRef = 9D7BA93D28EAEA2600319CCE /* PostCell.xib */; };
		9D7BA94228EAEAE900319CCE /* SearchTableCell.swift in Sources */ = {isa = PBXBuildFile; fileRef = 9D7BA94028EAEAE900319CCE /* SearchTableCell.swift */; };
		9D7BA94328EAEAE900319CCE /* SearchTableCell.xib in Resources */ = {isa = PBXBuildFile; fileRef = 9D7BA94128EAEAE900319CCE /* SearchTableCell.xib */; };
		9D8270E828EE725300C9D6D3 /* InforPetTableViewCell.swift in Sources */ = {isa = PBXBuildFile; fileRef = 9D8270E428EE725300C9D6D3 /* InforPetTableViewCell.swift */; };
		9D8270E928EE725300C9D6D3 /* InformationPetViewController.swift in Sources */ = {isa = PBXBuildFile; fileRef = 9D8270E528EE725300C9D6D3 /* InformationPetViewController.swift */; };
		9D8270EA28EE725300C9D6D3 /* InforPetTableViewCell.xib in Resources */ = {isa = PBXBuildFile; fileRef = 9D8270E628EE725300C9D6D3 /* InforPetTableViewCell.xib */; };
		9D8270EB28EE725300C9D6D3 /* InformationPetViewController.xib in Resources */ = {isa = PBXBuildFile; fileRef = 9D8270E728EE725300C9D6D3 /* InformationPetViewController.xib */; };
		9D8270F128EE72D100C9D6D3 /* HealthBookTableViewCell.xib in Resources */ = {isa = PBXBuildFile; fileRef = 9D8270ED28EE72D100C9D6D3 /* HealthBookTableViewCell.xib */; };
		9D8270F228EE72D100C9D6D3 /* HealthBookTableViewCell.swift in Sources */ = {isa = PBXBuildFile; fileRef = 9D8270EE28EE72D100C9D6D3 /* HealthBookTableViewCell.swift */; };
		9D8270F328EE72D100C9D6D3 /* PetHealthBookViewController.swift in Sources */ = {isa = PBXBuildFile; fileRef = 9D8270EF28EE72D100C9D6D3 /* PetHealthBookViewController.swift */; };
		9D8270F428EE72D100C9D6D3 /* PetHealthBookViewController.xib in Resources */ = {isa = PBXBuildFile; fileRef = 9D8270F028EE72D100C9D6D3 /* PetHealthBookViewController.xib */; };
		9D82710428EE730500C9D6D3 /* ListPetViewController.xib in Resources */ = {isa = PBXBuildFile; fileRef = 9D8270F728EE730400C9D6D3 /* ListPetViewController.xib */; };
		9D82710528EE730500C9D6D3 /* ListPetTableViewCell.swift in Sources */ = {isa = PBXBuildFile; fileRef = 9D8270F828EE730400C9D6D3 /* ListPetTableViewCell.swift */; };
		9D82710628EE730500C9D6D3 /* LogoListTableViewCell.xib in Resources */ = {isa = PBXBuildFile; fileRef = 9D8270F928EE730400C9D6D3 /* LogoListTableViewCell.xib */; };
		9D82710728EE730500C9D6D3 /* ListPetViewController.swift in Sources */ = {isa = PBXBuildFile; fileRef = 9D8270FA28EE730400C9D6D3 /* ListPetViewController.swift */; };
		9D82710828EE730500C9D6D3 /* ListPetTableViewCell.xib in Resources */ = {isa = PBXBuildFile; fileRef = 9D8270FB28EE730400C9D6D3 /* ListPetTableViewCell.xib */; };
		9D82710928EE730500C9D6D3 /* LogoListTableViewCell.swift in Sources */ = {isa = PBXBuildFile; fileRef = 9D8270FC28EE730400C9D6D3 /* LogoListTableViewCell.swift */; };
		9D82710A28EE730500C9D6D3 /* AddAvatarPetTableViewCell.swift in Sources */ = {isa = PBXBuildFile; fileRef = 9D8270FE28EE730400C9D6D3 /* AddAvatarPetTableViewCell.swift */; };
		9D82710B28EE730500C9D6D3 /* AddInformationPetTableViewCell.xib in Resources */ = {isa = PBXBuildFile; fileRef = 9D8270FF28EE730400C9D6D3 /* AddInformationPetTableViewCell.xib */; };
		9D82710C28EE730500C9D6D3 /* AddPetViewController.swift in Sources */ = {isa = PBXBuildFile; fileRef = 9D82710028EE730400C9D6D3 /* AddPetViewController.swift */; };
		9D82710D28EE730500C9D6D3 /* AddInformationPetTableViewCell.swift in Sources */ = {isa = PBXBuildFile; fileRef = 9D82710128EE730400C9D6D3 /* AddInformationPetTableViewCell.swift */; };
		9D82710E28EE730500C9D6D3 /* AddAvatarPetTableViewCell.xib in Resources */ = {isa = PBXBuildFile; fileRef = 9D82710228EE730400C9D6D3 /* AddAvatarPetTableViewCell.xib */; };
		9D82710F28EE730500C9D6D3 /* AddPetViewController.xib in Resources */ = {isa = PBXBuildFile; fileRef = 9D82710328EE730400C9D6D3 /* AddPetViewController.xib */; };
		9D82711728EE81E200C9D6D3 /* SignUpViewController.swift in Sources */ = {isa = PBXBuildFile; fileRef = 9D82711128EE81E200C9D6D3 /* SignUpViewController.swift */; };
		9D82711828EE81E200C9D6D3 /* SuccessViewController.xib in Resources */ = {isa = PBXBuildFile; fileRef = 9D82711228EE81E200C9D6D3 /* SuccessViewController.xib */; };
		9D82711928EE81E200C9D6D3 /* LoginViewController.xib in Resources */ = {isa = PBXBuildFile; fileRef = 9D82711328EE81E200C9D6D3 /* LoginViewController.xib */; };
		9D82711A28EE81E200C9D6D3 /* LoginViewController.swift in Sources */ = {isa = PBXBuildFile; fileRef = 9D82711428EE81E200C9D6D3 /* LoginViewController.swift */; };
		9D82711B28EE81E200C9D6D3 /* SignUpViewController.xib in Resources */ = {isa = PBXBuildFile; fileRef = 9D82711528EE81E200C9D6D3 /* SignUpViewController.xib */; };
		9D82711C28EE81E200C9D6D3 /* SuccessViewController.swift in Sources */ = {isa = PBXBuildFile; fileRef = 9D82711628EE81E200C9D6D3 /* SuccessViewController.swift */; };
		9D82711E28EE8D2100C9D6D3 /* Animals.swift in Sources */ = {isa = PBXBuildFile; fileRef = 9D82711D28EE8D2100C9D6D3 /* Animals.swift */; };
		9D82712028EEC82600C9D6D3 /* GoogleService-Info.plist in Resources */ = {isa = PBXBuildFile; fileRef = 9D82711F28EEC82600C9D6D3 /* GoogleService-Info.plist */; };
		9D82712228EEEB4400C9D6D3 /* UserManager.swift in Sources */ = {isa = PBXBuildFile; fileRef = 9D82712128EEEB4400C9D6D3 /* UserManager.swift */; };
		9D8DD30A28EC081B002DEE57 /* FavoriteViewController.swift in Sources */ = {isa = PBXBuildFile; fileRef = 9D8DD30828EC081B002DEE57 /* FavoriteViewController.swift */; };
		9D8DD30B28EC081B002DEE57 /* FavoriteViewController.xib in Resources */ = {isa = PBXBuildFile; fileRef = 9D8DD30928EC081B002DEE57 /* FavoriteViewController.xib */; };
		9D8DD30F28EC083C002DEE57 /* FavoriteCell.swift in Sources */ = {isa = PBXBuildFile; fileRef = 9D8DD30D28EC083C002DEE57 /* FavoriteCell.swift */; };
		9D8DD31028EC083C002DEE57 /* FavoriteCell.xib in Resources */ = {isa = PBXBuildFile; fileRef = 9D8DD30E28EC083C002DEE57 /* FavoriteCell.xib */; };
		9D8DD34D28EC35F3002DEE57 /* AccountViewController.xib in Resources */ = {isa = PBXBuildFile; fileRef = 9D8DD34528EC35F3002DEE57 /* AccountViewController.xib */; };
		9D8DD34E28EC35F3002DEE57 /* PetTableViewCell.swift in Sources */ = {isa = PBXBuildFile; fileRef = 9D8DD34628EC35F3002DEE57 /* PetTableViewCell.swift */; };
		9D8DD34F28EC35F3002DEE57 /* InformationTableViewCell.swift in Sources */ = {isa = PBXBuildFile; fileRef = 9D8DD34728EC35F3002DEE57 /* InformationTableViewCell.swift */; };
		9D8DD35028EC35F3002DEE57 /* LogOutTableViewCell.swift in Sources */ = {isa = PBXBuildFile; fileRef = 9D8DD34828EC35F3002DEE57 /* LogOutTableViewCell.swift */; };
		9D8DD35128EC35F3002DEE57 /* PetTableViewCell.xib in Resources */ = {isa = PBXBuildFile; fileRef = 9D8DD34928EC35F3002DEE57 /* PetTableViewCell.xib */; };
		9D8DD35228EC35F3002DEE57 /* InformationTableViewCell.xib in Resources */ = {isa = PBXBuildFile; fileRef = 9D8DD34A28EC35F3002DEE57 /* InformationTableViewCell.xib */; };
		9D8DD35328EC35F3002DEE57 /* LogOutTableViewCell.xib in Resources */ = {isa = PBXBuildFile; fileRef = 9D8DD34B28EC35F3002DEE57 /* LogOutTableViewCell.xib */; };
		9D8DD35428EC35F3002DEE57 /* AccountViewController.swift in Sources */ = {isa = PBXBuildFile; fileRef = 9D8DD34C28EC35F3002DEE57 /* AccountViewController.swift */; };
		9D8DD39328ED3573002DEE57 /* StretchyTableHeaderView.swift in Sources */ = {isa = PBXBuildFile; fileRef = 9D8DD39228ED3573002DEE57 /* StretchyTableHeaderView.swift */; };
		9D8DD39728ED9E54002DEE57 /* TrainingViewController.swift in Sources */ = {isa = PBXBuildFile; fileRef = 9D8DD39528ED9E54002DEE57 /* TrainingViewController.swift */; };
		9D8DD39828ED9E54002DEE57 /* TrainingViewController.xib in Resources */ = {isa = PBXBuildFile; fileRef = 9D8DD39628ED9E54002DEE57 /* TrainingViewController.xib */; };
		9D8DD3AC28EDA034002DEE57 /* ItemCollectionViewCell.swift in Sources */ = {isa = PBXBuildFile; fileRef = 9D8DD39A28EDA034002DEE57 /* ItemCollectionViewCell.swift */; };
		9D8DD3AD28EDA034002DEE57 /* ListItemTableViewCell.xib in Resources */ = {isa = PBXBuildFile; fileRef = 9D8DD39B28EDA034002DEE57 /* ListItemTableViewCell.xib */; };
		9D8DD3AF28EDA034002DEE57 /* ItemCollectionViewCell.xib in Resources */ = {isa = PBXBuildFile; fileRef = 9D8DD39D28EDA034002DEE57 /* ItemCollectionViewCell.xib */; };
		9D8DD3B028EDA034002DEE57 /* ListItemTableViewCell.swift in Sources */ = {isa = PBXBuildFile; fileRef = 9D8DD39E28EDA034002DEE57 /* ListItemTableViewCell.swift */; };
		9D8DD3B428EDA034002DEE57 /* DetailItemViewController.xib in Resources */ = {isa = PBXBuildFile; fileRef = 9D8DD3A328EDA034002DEE57 /* DetailItemViewController.xib */; };
		9D8DD3B528EDA034002DEE57 /* DetailItemViewController.swift in Sources */ = {isa = PBXBuildFile; fileRef = 9D8DD3A428EDA034002DEE57 /* DetailItemViewController.swift */; };
		9D8DD3B628EDA034002DEE57 /* NameTableViewCell.swift in Sources */ = {isa = PBXBuildFile; fileRef = 9D8DD3A628EDA034002DEE57 /* NameTableViewCell.swift */; };
		9D8DD3B728EDA034002DEE57 /* DescriptionTableViewCell.xib in Resources */ = {isa = PBXBuildFile; fileRef = 9D8DD3A728EDA034002DEE57 /* DescriptionTableViewCell.xib */; };
		9D8DD3B828EDA034002DEE57 /* InforPetsCell.swift in Sources */ = {isa = PBXBuildFile; fileRef = 9D8DD3A828EDA034002DEE57 /* InforPetsCell.swift */; };
		9D8DD3B928EDA034002DEE57 /* DescriptionTableViewCell.swift in Sources */ = {isa = PBXBuildFile; fileRef = 9D8DD3A928EDA034002DEE57 /* DescriptionTableViewCell.swift */; };
		9D8DD3BA28EDA034002DEE57 /* InforPetsCell.xib in Resources */ = {isa = PBXBuildFile; fileRef = 9D8DD3AA28EDA034002DEE57 /* InforPetsCell.xib */; };
		9D8DD3BB28EDA034002DEE57 /* NameTableViewCell.xib in Resources */ = {isa = PBXBuildFile; fileRef = 9D8DD3AB28EDA034002DEE57 /* NameTableViewCell.xib */; };
		9D8DD3CA28EDA178002DEE57 /* ListViewController.swift in Sources */ = {isa = PBXBuildFile; fileRef = 9D8DD3C828EDA178002DEE57 /* ListViewController.swift */; };
		9D8DD3CB28EDA178002DEE57 /* ListViewController.xib in Resources */ = {isa = PBXBuildFile; fileRef = 9D8DD3C928EDA178002DEE57 /* ListViewController.xib */; };
		9DA6AB4528E5B75600718B19 /* TabbarController.swift in Sources */ = {isa = PBXBuildFile; fileRef = 9DA6AB4328E5B75600718B19 /* TabbarController.swift */; };
		9DA6AB4628E5B75600718B19 /* TabbarController.xib in Resources */ = {isa = PBXBuildFile; fileRef = 9DA6AB4428E5B75600718B19 /* TabbarController.xib */; };
		9DA6AB4928E5BE1100718B19 /* Extension.swift in Sources */ = {isa = PBXBuildFile; fileRef = 9DA6AB4828E5BE1100718B19 /* Extension.swift */; };
		9DAD17D528E6F62700296533 /* FavoriteCollectionCell.swift in Sources */ = {isa = PBXBuildFile; fileRef = 9DAD17D328E6F62700296533 /* FavoriteCollectionCell.swift */; };
		9DAD17D628E6F62700296533 /* FavoriteCollectionCell.xib in Resources */ = {isa = PBXBuildFile; fileRef = 9DAD17D428E6F62700296533 /* FavoriteCollectionCell.xib */; };
		9DAD17DA28E6F69100296533 /* CategoriesCell.swift in Sources */ = {isa = PBXBuildFile; fileRef = 9DAD17D828E6F69100296533 /* CategoriesCell.swift */; };
		9DAD17DB28E6F69100296533 /* CategoriesCell.xib in Resources */ = {isa = PBXBuildFile; fileRef = 9DAD17D928E6F69100296533 /* CategoriesCell.xib */; };
		9DBA744B28EFC2E2005E7089 /* FavoriteVC.swift in Sources */ = {isa = PBXBuildFile; fileRef = 9DBA744928EFC2E2005E7089 /* FavoriteVC.swift */; };
		9DBA744C28EFC2E2005E7089 /* FavoriteVC.xib in Resources */ = {isa = PBXBuildFile; fileRef = 9DBA744A28EFC2E2005E7089 /* FavoriteVC.xib */; };
		9DBA745528EFFC6D005E7089 /* LoadingView.swift in Sources */ = {isa = PBXBuildFile; fileRef = 9DBA745328EFFC6D005E7089 /* LoadingView.swift */; };
		9DBA745628EFFC6D005E7089 /* LoadingView.xib in Resources */ = {isa = PBXBuildFile; fileRef = 9DBA745428EFFC6D005E7089 /* LoadingView.xib */; };
		9DBA745A28F04C00005E7089 /* UserDetailVC.swift in Sources */ = {isa = PBXBuildFile; fileRef = 9DBA745828F04BFF005E7089 /* UserDetailVC.swift */; };
		9DBA745B28F04C00005E7089 /* UserDetailVC.xib in Resources */ = {isa = PBXBuildFile; fileRef = 9DBA745928F04BFF005E7089 /* UserDetailVC.xib */; };
/* End PBXBuildFile section */

/* Begin PBXFileReference section */
		20BA77867C9DC9937C77E627 /* Pods-mock_project.release.xcconfig */ = {isa = PBXFileReference; includeInIndex = 1; lastKnownFileType = text.xcconfig; name = "Pods-mock_project.release.xcconfig"; path = "Target Support Files/Pods-mock_project/Pods-mock_project.release.xcconfig"; sourceTree = "<group>"; };
		43026E7DC099FE8F1BEAF6D5 /* Pods_mock_project.framework */ = {isa = PBXFileReference; explicitFileType = wrapper.framework; includeInIndex = 0; path = Pods_mock_project.framework; sourceTree = BUILT_PRODUCTS_DIR; };
		9D36D47128E5B20C009B4061 /* mock_project.app */ = {isa = PBXFileReference; explicitFileType = wrapper.application; includeInIndex = 0; path = mock_project.app; sourceTree = BUILT_PRODUCTS_DIR; };
		9D36D47428E5B20C009B4061 /* AppDelegate.swift */ = {isa = PBXFileReference; lastKnownFileType = sourcecode.swift; path = AppDelegate.swift; sourceTree = "<group>"; };
		9D36D47628E5B20C009B4061 /* SceneDelegate.swift */ = {isa = PBXFileReference; lastKnownFileType = sourcecode.swift; path = SceneDelegate.swift; sourceTree = "<group>"; };
		9D36D47828E5B20C009B4061 /* LaunchController.swift */ = {isa = PBXFileReference; lastKnownFileType = sourcecode.swift; path = LaunchController.swift; sourceTree = "<group>"; };
		9D36D47B28E5B20C009B4061 /* Base */ = {isa = PBXFileReference; lastKnownFileType = file.storyboard; name = Base; path = Base.lproj/Main.storyboard; sourceTree = "<group>"; };
		9D36D47E28E5B20C009B4061 /* mock_project.xcdatamodel */ = {isa = PBXFileReference; lastKnownFileType = wrapper.xcdatamodel; path = mock_project.xcdatamodel; sourceTree = "<group>"; };
		9D36D48028E5B20E009B4061 /* Assets.xcassets */ = {isa = PBXFileReference; lastKnownFileType = folder.assetcatalog; path = Assets.xcassets; sourceTree = "<group>"; };
		9D36D48328E5B20E009B4061 /* Base */ = {isa = PBXFileReference; lastKnownFileType = file.storyboard; name = Base; path = Base.lproj/LaunchScreen.storyboard; sourceTree = "<group>"; };
		9D36D48528E5B20E009B4061 /* Info.plist */ = {isa = PBXFileReference; lastKnownFileType = text.plist.xml; path = Info.plist; sourceTree = "<group>"; };
		9D36D49128E5B426009B4061 /* HomeViewController.swift */ = {isa = PBXFileReference; lastKnownFileType = sourcecode.swift; path = HomeViewController.swift; sourceTree = "<group>"; };
		9D36D49228E5B426009B4061 /* HomeViewController.xib */ = {isa = PBXFileReference; lastKnownFileType = file.xib; path = HomeViewController.xib; sourceTree = "<group>"; };
		9D4B692A28F1355F00C9C977 /* HandBook.swift */ = {isa = PBXFileReference; lastKnownFileType = sourcecode.swift; path = HandBook.swift; sourceTree = "<group>"; };
		9D4B692D28F1638400C9C977 /* HandBookDetailVC.swift */ = {isa = PBXFileReference; lastKnownFileType = sourcecode.swift; path = HandBookDetailVC.swift; sourceTree = "<group>"; };
		9D4B692E28F1638400C9C977 /* HandBookDetailVC.xib */ = {isa = PBXFileReference; lastKnownFileType = file.xib; path = HandBookDetailVC.xib; sourceTree = "<group>"; };
		9D4B693228F1659100C9C977 /* HandBookPostCell.swift */ = {isa = PBXFileReference; lastKnownFileType = sourcecode.swift; path = HandBookPostCell.swift; sourceTree = "<group>"; };
		9D4B693328F1659100C9C977 /* HandBookPostCell.xib */ = {isa = PBXFileReference; lastKnownFileType = file.xib; path = HandBookPostCell.xib; sourceTree = "<group>"; };
		9D7BA91028E9562F00319CCE /* HomeInstance.swift */ = {isa = PBXFileReference; lastKnownFileType = sourcecode.swift; path = HomeInstance.swift; sourceTree = "<group>"; };
		9D7BA91328E9585800319CCE /* LibraryCell.swift */ = {isa = PBXFileReference; lastKnownFileType = sourcecode.swift; path = LibraryCell.swift; sourceTree = "<group>"; };
		9D7BA91428E9585800319CCE /* LibraryCell.xib */ = {isa = PBXFileReference; lastKnownFileType = file.xib; path = LibraryCell.xib; sourceTree = "<group>"; };
		9D7BA91828E9595B00319CCE /* CategoriesTableCell.swift */ = {isa = PBXFileReference; lastKnownFileType = sourcecode.swift; path = CategoriesTableCell.swift; sourceTree = "<group>"; };
		9D7BA91928E9595B00319CCE /* CategoriesTableCell.xib */ = {isa = PBXFileReference; lastKnownFileType = file.xib; path = CategoriesTableCell.xib; sourceTree = "<group>"; };
		9D7BA91E28E9599100319CCE /* FavoriteTableCell.swift */ = {isa = PBXFileReference; lastKnownFileType = sourcecode.swift; path = FavoriteTableCell.swift; sourceTree = "<group>"; };
		9D7BA91F28E9599100319CCE /* FavoriteTableCell.xib */ = {isa = PBXFileReference; lastKnownFileType = file.xib; path = FavoriteTableCell.xib; sourceTree = "<group>"; };
		9D7BA92328E959A600319CCE /* LibraryTableCell.swift */ = {isa = PBXFileReference; lastKnownFileType = sourcecode.swift; path = LibraryTableCell.swift; sourceTree = "<group>"; };
		9D7BA92428E959A600319CCE /* LibraryTableCell.xib */ = {isa = PBXFileReference; lastKnownFileType = file.xib; path = LibraryTableCell.xib; sourceTree = "<group>"; };
		9D7BA92728EA042700319CCE /* PinterestLayout.swift */ = {isa = PBXFileReference; lastKnownFileType = sourcecode.swift; path = PinterestLayout.swift; sourceTree = "<group>"; };
		9D7BA93128EADD1500319CCE /* HandBookViewController.swift */ = {isa = PBXFileReference; lastKnownFileType = sourcecode.swift; path = HandBookViewController.swift; sourceTree = "<group>"; };
		9D7BA93228EADD1500319CCE /* HandBookViewController.xib */ = {isa = PBXFileReference; lastKnownFileType = file.xib; path = HandBookViewController.xib; sourceTree = "<group>"; };
		9D7BA93628EAE9FF00319CCE /* SearchCell.swift */ = {isa = PBXFileReference; lastKnownFileType = sourcecode.swift; path = SearchCell.swift; sourceTree = "<group>"; };
		9D7BA93728EAE9FF00319CCE /* SearchCell.xib */ = {isa = PBXFileReference; lastKnownFileType = file.xib; path = SearchCell.xib; sourceTree = "<group>"; };
		9D7BA93C28EAEA2600319CCE /* PostCell.swift */ = {isa = PBXFileReference; lastKnownFileType = sourcecode.swift; path = PostCell.swift; sourceTree = "<group>"; };
		9D7BA93D28EAEA2600319CCE /* PostCell.xib */ = {isa = PBXFileReference; lastKnownFileType = file.xib; path = PostCell.xib; sourceTree = "<group>"; };
		9D7BA94028EAEAE900319CCE /* SearchTableCell.swift */ = {isa = PBXFileReference; lastKnownFileType = sourcecode.swift; path = SearchTableCell.swift; sourceTree = "<group>"; };
		9D7BA94128EAEAE900319CCE /* SearchTableCell.xib */ = {isa = PBXFileReference; lastKnownFileType = file.xib; path = SearchTableCell.xib; sourceTree = "<group>"; };
		9D8270E428EE725300C9D6D3 /* InforPetTableViewCell.swift */ = {isa = PBXFileReference; fileEncoding = 4; lastKnownFileType = sourcecode.swift; path = InforPetTableViewCell.swift; sourceTree = "<group>"; };
		9D8270E528EE725300C9D6D3 /* InformationPetViewController.swift */ = {isa = PBXFileReference; fileEncoding = 4; lastKnownFileType = sourcecode.swift; path = InformationPetViewController.swift; sourceTree = "<group>"; };
		9D8270E628EE725300C9D6D3 /* InforPetTableViewCell.xib */ = {isa = PBXFileReference; fileEncoding = 4; lastKnownFileType = file.xib; path = InforPetTableViewCell.xib; sourceTree = "<group>"; };
		9D8270E728EE725300C9D6D3 /* InformationPetViewController.xib */ = {isa = PBXFileReference; fileEncoding = 4; lastKnownFileType = file.xib; path = InformationPetViewController.xib; sourceTree = "<group>"; };
		9D8270ED28EE72D100C9D6D3 /* HealthBookTableViewCell.xib */ = {isa = PBXFileReference; fileEncoding = 4; lastKnownFileType = file.xib; path = HealthBookTableViewCell.xib; sourceTree = "<group>"; };
		9D8270EE28EE72D100C9D6D3 /* HealthBookTableViewCell.swift */ = {isa = PBXFileReference; fileEncoding = 4; lastKnownFileType = sourcecode.swift; path = HealthBookTableViewCell.swift; sourceTree = "<group>"; };
		9D8270EF28EE72D100C9D6D3 /* PetHealthBookViewController.swift */ = {isa = PBXFileReference; fileEncoding = 4; lastKnownFileType = sourcecode.swift; path = PetHealthBookViewController.swift; sourceTree = "<group>"; };
		9D8270F028EE72D100C9D6D3 /* PetHealthBookViewController.xib */ = {isa = PBXFileReference; fileEncoding = 4; lastKnownFileType = file.xib; path = PetHealthBookViewController.xib; sourceTree = "<group>"; };
		9D8270F728EE730400C9D6D3 /* ListPetViewController.xib */ = {isa = PBXFileReference; fileEncoding = 4; lastKnownFileType = file.xib; path = ListPetViewController.xib; sourceTree = "<group>"; };
		9D8270F828EE730400C9D6D3 /* ListPetTableViewCell.swift */ = {isa = PBXFileReference; fileEncoding = 4; lastKnownFileType = sourcecode.swift; path = ListPetTableViewCell.swift; sourceTree = "<group>"; };
		9D8270F928EE730400C9D6D3 /* LogoListTableViewCell.xib */ = {isa = PBXFileReference; fileEncoding = 4; lastKnownFileType = file.xib; path = LogoListTableViewCell.xib; sourceTree = "<group>"; };
		9D8270FA28EE730400C9D6D3 /* ListPetViewController.swift */ = {isa = PBXFileReference; fileEncoding = 4; lastKnownFileType = sourcecode.swift; path = ListPetViewController.swift; sourceTree = "<group>"; };
		9D8270FB28EE730400C9D6D3 /* ListPetTableViewCell.xib */ = {isa = PBXFileReference; fileEncoding = 4; lastKnownFileType = file.xib; path = ListPetTableViewCell.xib; sourceTree = "<group>"; };
		9D8270FC28EE730400C9D6D3 /* LogoListTableViewCell.swift */ = {isa = PBXFileReference; fileEncoding = 4; lastKnownFileType = sourcecode.swift; path = LogoListTableViewCell.swift; sourceTree = "<group>"; };
		9D8270FE28EE730400C9D6D3 /* AddAvatarPetTableViewCell.swift */ = {isa = PBXFileReference; fileEncoding = 4; lastKnownFileType = sourcecode.swift; path = AddAvatarPetTableViewCell.swift; sourceTree = "<group>"; };
		9D8270FF28EE730400C9D6D3 /* AddInformationPetTableViewCell.xib */ = {isa = PBXFileReference; fileEncoding = 4; lastKnownFileType = file.xib; path = AddInformationPetTableViewCell.xib; sourceTree = "<group>"; };
		9D82710028EE730400C9D6D3 /* AddPetViewController.swift */ = {isa = PBXFileReference; fileEncoding = 4; lastKnownFileType = sourcecode.swift; path = AddPetViewController.swift; sourceTree = "<group>"; };
		9D82710128EE730400C9D6D3 /* AddInformationPetTableViewCell.swift */ = {isa = PBXFileReference; fileEncoding = 4; lastKnownFileType = sourcecode.swift; path = AddInformationPetTableViewCell.swift; sourceTree = "<group>"; };
		9D82710228EE730400C9D6D3 /* AddAvatarPetTableViewCell.xib */ = {isa = PBXFileReference; fileEncoding = 4; lastKnownFileType = file.xib; path = AddAvatarPetTableViewCell.xib; sourceTree = "<group>"; };
		9D82710328EE730400C9D6D3 /* AddPetViewController.xib */ = {isa = PBXFileReference; fileEncoding = 4; lastKnownFileType = file.xib; path = AddPetViewController.xib; sourceTree = "<group>"; };
		9D82711128EE81E200C9D6D3 /* SignUpViewController.swift */ = {isa = PBXFileReference; fileEncoding = 4; lastKnownFileType = sourcecode.swift; path = SignUpViewController.swift; sourceTree = "<group>"; };
		9D82711228EE81E200C9D6D3 /* SuccessViewController.xib */ = {isa = PBXFileReference; fileEncoding = 4; lastKnownFileType = file.xib; path = SuccessViewController.xib; sourceTree = "<group>"; };
		9D82711328EE81E200C9D6D3 /* LoginViewController.xib */ = {isa = PBXFileReference; fileEncoding = 4; lastKnownFileType = file.xib; path = LoginViewController.xib; sourceTree = "<group>"; };
		9D82711428EE81E200C9D6D3 /* LoginViewController.swift */ = {isa = PBXFileReference; fileEncoding = 4; lastKnownFileType = sourcecode.swift; path = LoginViewController.swift; sourceTree = "<group>"; };
		9D82711528EE81E200C9D6D3 /* SignUpViewController.xib */ = {isa = PBXFileReference; fileEncoding = 4; lastKnownFileType = file.xib; path = SignUpViewController.xib; sourceTree = "<group>"; };
		9D82711628EE81E200C9D6D3 /* SuccessViewController.swift */ = {isa = PBXFileReference; fileEncoding = 4; lastKnownFileType = sourcecode.swift; path = SuccessViewController.swift; sourceTree = "<group>"; };
		9D82711D28EE8D2100C9D6D3 /* Animals.swift */ = {isa = PBXFileReference; lastKnownFileType = sourcecode.swift; path = Animals.swift; sourceTree = "<group>"; };
		9D82711F28EEC82600C9D6D3 /* GoogleService-Info.plist */ = {isa = PBXFileReference; fileEncoding = 4; lastKnownFileType = text.plist.xml; path = "GoogleService-Info.plist"; sourceTree = "<group>"; };
		9D82712128EEEB4400C9D6D3 /* UserManager.swift */ = {isa = PBXFileReference; lastKnownFileType = sourcecode.swift; path = UserManager.swift; sourceTree = "<group>"; };
		9D8DD30828EC081B002DEE57 /* FavoriteViewController.swift */ = {isa = PBXFileReference; lastKnownFileType = sourcecode.swift; path = FavoriteViewController.swift; sourceTree = "<group>"; };
		9D8DD30928EC081B002DEE57 /* FavoriteViewController.xib */ = {isa = PBXFileReference; lastKnownFileType = file.xib; path = FavoriteViewController.xib; sourceTree = "<group>"; };
		9D8DD30D28EC083C002DEE57 /* FavoriteCell.swift */ = {isa = PBXFileReference; lastKnownFileType = sourcecode.swift; path = FavoriteCell.swift; sourceTree = "<group>"; };
		9D8DD30E28EC083C002DEE57 /* FavoriteCell.xib */ = {isa = PBXFileReference; lastKnownFileType = file.xib; path = FavoriteCell.xib; sourceTree = "<group>"; };
		9D8DD34528EC35F3002DEE57 /* AccountViewController.xib */ = {isa = PBXFileReference; fileEncoding = 4; lastKnownFileType = file.xib; path = AccountViewController.xib; sourceTree = "<group>"; };
		9D8DD34628EC35F3002DEE57 /* PetTableViewCell.swift */ = {isa = PBXFileReference; fileEncoding = 4; lastKnownFileType = sourcecode.swift; path = PetTableViewCell.swift; sourceTree = "<group>"; };
		9D8DD34728EC35F3002DEE57 /* InformationTableViewCell.swift */ = {isa = PBXFileReference; fileEncoding = 4; lastKnownFileType = sourcecode.swift; path = InformationTableViewCell.swift; sourceTree = "<group>"; };
		9D8DD34828EC35F3002DEE57 /* LogOutTableViewCell.swift */ = {isa = PBXFileReference; fileEncoding = 4; lastKnownFileType = sourcecode.swift; path = LogOutTableViewCell.swift; sourceTree = "<group>"; };
		9D8DD34928EC35F3002DEE57 /* PetTableViewCell.xib */ = {isa = PBXFileReference; fileEncoding = 4; lastKnownFileType = file.xib; path = PetTableViewCell.xib; sourceTree = "<group>"; };
		9D8DD34A28EC35F3002DEE57 /* InformationTableViewCell.xib */ = {isa = PBXFileReference; fileEncoding = 4; lastKnownFileType = file.xib; path = InformationTableViewCell.xib; sourceTree = "<group>"; };
		9D8DD34B28EC35F3002DEE57 /* LogOutTableViewCell.xib */ = {isa = PBXFileReference; fileEncoding = 4; lastKnownFileType = file.xib; path = LogOutTableViewCell.xib; sourceTree = "<group>"; };
		9D8DD34C28EC35F3002DEE57 /* AccountViewController.swift */ = {isa = PBXFileReference; fileEncoding = 4; lastKnownFileType = sourcecode.swift; path = AccountViewController.swift; sourceTree = "<group>"; };
		9D8DD39228ED3573002DEE57 /* StretchyTableHeaderView.swift */ = {isa = PBXFileReference; lastKnownFileType = sourcecode.swift; path = StretchyTableHeaderView.swift; sourceTree = "<group>"; };
		9D8DD39528ED9E54002DEE57 /* TrainingViewController.swift */ = {isa = PBXFileReference; lastKnownFileType = sourcecode.swift; path = TrainingViewController.swift; sourceTree = "<group>"; };
		9D8DD39628ED9E54002DEE57 /* TrainingViewController.xib */ = {isa = PBXFileReference; lastKnownFileType = file.xib; path = TrainingViewController.xib; sourceTree = "<group>"; };
		9D8DD39A28EDA034002DEE57 /* ItemCollectionViewCell.swift */ = {isa = PBXFileReference; fileEncoding = 4; lastKnownFileType = sourcecode.swift; path = ItemCollectionViewCell.swift; sourceTree = "<group>"; };
		9D8DD39B28EDA034002DEE57 /* ListItemTableViewCell.xib */ = {isa = PBXFileReference; fileEncoding = 4; lastKnownFileType = file.xib; path = ListItemTableViewCell.xib; sourceTree = "<group>"; };
		9D8DD39D28EDA034002DEE57 /* ItemCollectionViewCell.xib */ = {isa = PBXFileReference; fileEncoding = 4; lastKnownFileType = file.xib; path = ItemCollectionViewCell.xib; sourceTree = "<group>"; };
		9D8DD39E28EDA034002DEE57 /* ListItemTableViewCell.swift */ = {isa = PBXFileReference; fileEncoding = 4; lastKnownFileType = sourcecode.swift; path = ListItemTableViewCell.swift; sourceTree = "<group>"; };
		9D8DD3A328EDA034002DEE57 /* DetailItemViewController.xib */ = {isa = PBXFileReference; fileEncoding = 4; lastKnownFileType = file.xib; path = DetailItemViewController.xib; sourceTree = "<group>"; };
		9D8DD3A428EDA034002DEE57 /* DetailItemViewController.swift */ = {isa = PBXFileReference; fileEncoding = 4; lastKnownFileType = sourcecode.swift; path = DetailItemViewController.swift; sourceTree = "<group>"; };
		9D8DD3A628EDA034002DEE57 /* NameTableViewCell.swift */ = {isa = PBXFileReference; fileEncoding = 4; lastKnownFileType = sourcecode.swift; path = NameTableViewCell.swift; sourceTree = "<group>"; };
		9D8DD3A728EDA034002DEE57 /* DescriptionTableViewCell.xib */ = {isa = PBXFileReference; fileEncoding = 4; lastKnownFileType = file.xib; path = DescriptionTableViewCell.xib; sourceTree = "<group>"; };
		9D8DD3A828EDA034002DEE57 /* InforPetsCell.swift */ = {isa = PBXFileReference; fileEncoding = 4; lastKnownFileType = sourcecode.swift; path = InforPetsCell.swift; sourceTree = "<group>"; };
		9D8DD3A928EDA034002DEE57 /* DescriptionTableViewCell.swift */ = {isa = PBXFileReference; fileEncoding = 4; lastKnownFileType = sourcecode.swift; path = DescriptionTableViewCell.swift; sourceTree = "<group>"; };
		9D8DD3AA28EDA034002DEE57 /* InforPetsCell.xib */ = {isa = PBXFileReference; fileEncoding = 4; lastKnownFileType = file.xib; path = InforPetsCell.xib; sourceTree = "<group>"; };
		9D8DD3AB28EDA034002DEE57 /* NameTableViewCell.xib */ = {isa = PBXFileReference; fileEncoding = 4; lastKnownFileType = file.xib; path = NameTableViewCell.xib; sourceTree = "<group>"; };
		9D8DD3C828EDA178002DEE57 /* ListViewController.swift */ = {isa = PBXFileReference; fileEncoding = 4; lastKnownFileType = sourcecode.swift; path = ListViewController.swift; sourceTree = "<group>"; };
		9D8DD3C928EDA178002DEE57 /* ListViewController.xib */ = {isa = PBXFileReference; fileEncoding = 4; lastKnownFileType = file.xib; path = ListViewController.xib; sourceTree = "<group>"; };
		9DA6AB4328E5B75600718B19 /* TabbarController.swift */ = {isa = PBXFileReference; lastKnownFileType = sourcecode.swift; path = TabbarController.swift; sourceTree = "<group>"; };
		9DA6AB4428E5B75600718B19 /* TabbarController.xib */ = {isa = PBXFileReference; lastKnownFileType = file.xib; path = TabbarController.xib; sourceTree = "<group>"; };
		9DA6AB4828E5BE1100718B19 /* Extension.swift */ = {isa = PBXFileReference; lastKnownFileType = sourcecode.swift; path = Extension.swift; sourceTree = "<group>"; };
		9DAD17D328E6F62700296533 /* FavoriteCollectionCell.swift */ = {isa = PBXFileReference; lastKnownFileType = sourcecode.swift; path = FavoriteCollectionCell.swift; sourceTree = "<group>"; };
		9DAD17D428E6F62700296533 /* FavoriteCollectionCell.xib */ = {isa = PBXFileReference; lastKnownFileType = file.xib; path = FavoriteCollectionCell.xib; sourceTree = "<group>"; };
		9DAD17D828E6F69100296533 /* CategoriesCell.swift */ = {isa = PBXFileReference; lastKnownFileType = sourcecode.swift; path = CategoriesCell.swift; sourceTree = "<group>"; };
		9DAD17D928E6F69100296533 /* CategoriesCell.xib */ = {isa = PBXFileReference; lastKnownFileType = file.xib; path = CategoriesCell.xib; sourceTree = "<group>"; };
		9DBA744928EFC2E2005E7089 /* FavoriteVC.swift */ = {isa = PBXFileReference; lastKnownFileType = sourcecode.swift; path = FavoriteVC.swift; sourceTree = "<group>"; };
		9DBA744A28EFC2E2005E7089 /* FavoriteVC.xib */ = {isa = PBXFileReference; lastKnownFileType = file.xib; path = FavoriteVC.xib; sourceTree = "<group>"; };
		9DBA745328EFFC6D005E7089 /* LoadingView.swift */ = {isa = PBXFileReference; lastKnownFileType = sourcecode.swift; path = LoadingView.swift; sourceTree = "<group>"; };
		9DBA745428EFFC6D005E7089 /* LoadingView.xib */ = {isa = PBXFileReference; lastKnownFileType = file.xib; path = LoadingView.xib; sourceTree = "<group>"; };
		9DBA745828F04BFF005E7089 /* UserDetailVC.swift */ = {isa = PBXFileReference; lastKnownFileType = sourcecode.swift; path = UserDetailVC.swift; sourceTree = "<group>"; };
		9DBA745928F04BFF005E7089 /* UserDetailVC.xib */ = {isa = PBXFileReference; lastKnownFileType = file.xib; path = UserDetailVC.xib; sourceTree = "<group>"; };
		ABEE748361B55BC44C276FFB /* Pods-mock_project.debug.xcconfig */ = {isa = PBXFileReference; includeInIndex = 1; lastKnownFileType = text.xcconfig; name = "Pods-mock_project.debug.xcconfig"; path = "Target Support Files/Pods-mock_project/Pods-mock_project.debug.xcconfig"; sourceTree = "<group>"; };
/* End PBXFileReference section */

/* Begin PBXFrameworksBuildPhase section */
		9D36D46E28E5B20C009B4061 /* Frameworks */ = {
			isa = PBXFrameworksBuildPhase;
			buildActionMask = 2147483647;
			files = (
				06A1C29F2B9E96AA6A148992 /* Pods_mock_project.framework in Frameworks */,
			);
			runOnlyForDeploymentPostprocessing = 0;
		};
/* End PBXFrameworksBuildPhase section */

/* Begin PBXGroup section */
		8EAF24F5958DAA6794CDEC06 /* Frameworks */ = {
			isa = PBXGroup;
			children = (
				43026E7DC099FE8F1BEAF6D5 /* Pods_mock_project.framework */,
			);
			name = Frameworks;
			sourceTree = "<group>";
		};
		9D36D46828E5B20C009B4061 = {
			isa = PBXGroup;
			children = (
				9D36D47328E5B20C009B4061 /* mock_project */,
				9D36D47228E5B20C009B4061 /* Products */,
				E1E6063217B04F4C049F324C /* Pods */,
				8EAF24F5958DAA6794CDEC06 /* Frameworks */,
			);
			sourceTree = "<group>";
		};
		9D36D47228E5B20C009B4061 /* Products */ = {
			isa = PBXGroup;
			children = (
				9D36D47128E5B20C009B4061 /* mock_project.app */,
			);
			name = Products;
			sourceTree = "<group>";
		};
		9D36D47328E5B20C009B4061 /* mock_project */ = {
			isa = PBXGroup;
			children = (
				9D82711F28EEC82600C9D6D3 /* GoogleService-Info.plist */,
				9D7BA90F28E9561A00319CCE /* Model */,
				9D36D48B28E5B32F009B4061 /* ViewControl */,
				9D36D47428E5B20C009B4061 /* AppDelegate.swift */,
				9D36D47628E5B20C009B4061 /* SceneDelegate.swift */,
				9D36D47A28E5B20C009B4061 /* Main.storyboard */,
				9D36D48028E5B20E009B4061 /* Assets.xcassets */,
				9D36D48228E5B20E009B4061 /* LaunchScreen.storyboard */,
				9D36D48528E5B20E009B4061 /* Info.plist */,
				9D36D47D28E5B20C009B4061 /* mock_project.xcdatamodeld */,
			);
			path = mock_project;
			sourceTree = "<group>";
		};
		9D36D48B28E5B32F009B4061 /* ViewControl */ = {
			isa = PBXGroup;
			children = (
				9D82711028EE81E200C9D6D3 /* LoginVC */,
				9D8DD31128EC0CF4002DEE57 /* Layout */,
				9DA6AB4728E5BDF700718B19 /* Extension */,
				9DA6AB4228E5B6BD00718B19 /* TabbarController */,
				9D36D49C28E5B446009B4061 /* AccountVC */,
				9D36D49528E5B42B009B4061 /* ListVC */,
				9D36D49028E5B40A009B4061 /* HomeVC */,
				9D36D47828E5B20C009B4061 /* LaunchController.swift */,
			);
			name = ViewControl;
			path = "ViewControllẻ";
			sourceTree = "<group>";
		};
		9D36D49028E5B40A009B4061 /* HomeVC */ = {
			isa = PBXGroup;
			children = (
				9D8DD39428ED9E35002DEE57 /* TrainingVC */,
				9D7BA93028EADCE200319CCE /* HandBookVC */,
				9D8DD36A28EC4039002DEE57 /* HomeViewController */,
			);
			path = HomeVC;
			sourceTree = "<group>";
		};
		9D36D49528E5B42B009B4061 /* ListVC */ = {
			isa = PBXGroup;
			children = (
				9D8DD3A228EDA034002DEE57 /* DetailItem */,
				9D8DD39928EDA034002DEE57 /* ListCell */,
				9D8DD3C828EDA178002DEE57 /* ListViewController.swift */,
				9D8DD3C928EDA178002DEE57 /* ListViewController.xib */,
			);
			path = ListVC;
			sourceTree = "<group>";
		};
		9D36D49C28E5B446009B4061 /* AccountVC */ = {
			isa = PBXGroup;
			children = (
				9D8270F528EE730400C9D6D3 /* ListPet */,
				9D8270EC28EE72D100C9D6D3 /* PetHealthBook */,
				9D8270E328EE725300C9D6D3 /* InformationPet */,
				9D8DD30728EC07AF002DEE57 /* FavoriteVC */,
				9D8DD34428EC35F3002DEE57 /* UserAccountVC */,
			);
			path = AccountVC;
			sourceTree = "<group>";
		};
		9D4B692C28F1635000C9C977 /* HandBookDetailVC */ = {
			isa = PBXGroup;
			children = (
				9D4B693128F1653900C9C977 /* Cell */,
				9D4B692D28F1638400C9C977 /* HandBookDetailVC.swift */,
				9D4B692E28F1638400C9C977 /* HandBookDetailVC.xib */,
			);
			path = HandBookDetailVC;
			sourceTree = "<group>";
		};
		9D4B693128F1653900C9C977 /* Cell */ = {
			isa = PBXGroup;
			children = (
				9D4B693228F1659100C9C977 /* HandBookPostCell.swift */,
				9D4B693328F1659100C9C977 /* HandBookPostCell.xib */,
			);
			path = Cell;
			sourceTree = "<group>";
		};
		9D7BA90F28E9561A00319CCE /* Model */ = {
			isa = PBXGroup;
			children = (
				9D7BA91028E9562F00319CCE /* HomeInstance.swift */,
				9D82711D28EE8D2100C9D6D3 /* Animals.swift */,
				9D82712128EEEB4400C9D6D3 /* UserManager.swift */,
				9D4B692A28F1355F00C9C977 /* HandBook.swift */,
			);
			path = Model;
			sourceTree = "<group>";
		};
		9D7BA91228E9584200319CCE /* LibraryCollectionCell */ = {
			isa = PBXGroup;
			children = (
				9D7BA91328E9585800319CCE /* LibraryCell.swift */,
				9D7BA91428E9585800319CCE /* LibraryCell.xib */,
			);
			path = LibraryCollectionCell;
			sourceTree = "<group>";
		};
		9D7BA91728E9591D00319CCE /* TableCell */ = {
			isa = PBXGroup;
			children = (
				9D7BA92228E9599300319CCE /* LibraryCell */,
				9D7BA91D28E9597C00319CCE /* FavoriteCell */,
				9D7BA91C28E9596B00319CCE /* CategoriesCell */,
			);
			path = TableCell;
			sourceTree = "<group>";
		};
		9D7BA91C28E9596B00319CCE /* CategoriesCell */ = {
			isa = PBXGroup;
			children = (
				9DAD17D728E6F64000296533 /* CategoriesCollectionCell */,
				9D7BA91828E9595B00319CCE /* CategoriesTableCell.swift */,
				9D7BA91928E9595B00319CCE /* CategoriesTableCell.xib */,
			);
			path = CategoriesCell;
			sourceTree = "<group>";
		};
		9D7BA91D28E9597C00319CCE /* FavoriteCell */ = {
			isa = PBXGroup;
			children = (
				9DAD17D228E6F56700296533 /* FavoriteCollectionCell */,
				9D7BA91E28E9599100319CCE /* FavoriteTableCell.swift */,
				9D7BA91F28E9599100319CCE /* FavoriteTableCell.xib */,
			);
			path = FavoriteCell;
			sourceTree = "<group>";
		};
		9D7BA92228E9599300319CCE /* LibraryCell */ = {
			isa = PBXGroup;
			children = (
				9D7BA91228E9584200319CCE /* LibraryCollectionCell */,
				9D7BA92328E959A600319CCE /* LibraryTableCell.swift */,
				9D7BA92428E959A600319CCE /* LibraryTableCell.xib */,
			);
			path = LibraryCell;
			sourceTree = "<group>";
		};
		9D7BA93028EADCE200319CCE /* HandBookVC */ = {
			isa = PBXGroup;
			children = (
				9D4B692C28F1635000C9C977 /* HandBookDetailVC */,
				9D7BA93528EAE9C700319CCE /* TableCell */,
				9D7BA93128EADD1500319CCE /* HandBookViewController.swift */,
				9D7BA93228EADD1500319CCE /* HandBookViewController.xib */,
			);
			path = HandBookVC;
			sourceTree = "<group>";
		};
		9D7BA93528EAE9C700319CCE /* TableCell */ = {
			isa = PBXGroup;
			children = (
				9D7BA93B28EAEA0E00319CCE /* PostCell */,
				9D7BA93A28EAEA0400319CCE /* SearchCell */,
			);
			path = TableCell;
			sourceTree = "<group>";
		};
		9D7BA93A28EAEA0400319CCE /* SearchCell */ = {
			isa = PBXGroup;
			children = (
				9D7BA93628EAE9FF00319CCE /* SearchCell.swift */,
				9D7BA93728EAE9FF00319CCE /* SearchCell.xib */,
				9D7BA94028EAEAE900319CCE /* SearchTableCell.swift */,
				9D7BA94128EAEAE900319CCE /* SearchTableCell.xib */,
			);
			path = SearchCell;
			sourceTree = "<group>";
		};
		9D7BA93B28EAEA0E00319CCE /* PostCell */ = {
			isa = PBXGroup;
			children = (
				9D7BA93C28EAEA2600319CCE /* PostCell.swift */,
				9D7BA93D28EAEA2600319CCE /* PostCell.xib */,
			);
			path = PostCell;
			sourceTree = "<group>";
		};
		9D8270E328EE725300C9D6D3 /* InformationPet */ = {
			isa = PBXGroup;
			children = (
				9D8270E428EE725300C9D6D3 /* InforPetTableViewCell.swift */,
				9D8270E528EE725300C9D6D3 /* InformationPetViewController.swift */,
				9D8270E628EE725300C9D6D3 /* InforPetTableViewCell.xib */,
				9D8270E728EE725300C9D6D3 /* InformationPetViewController.xib */,
			);
			path = InformationPet;
			sourceTree = "<group>";
		};
		9D8270EC28EE72D100C9D6D3 /* PetHealthBook */ = {
			isa = PBXGroup;
			children = (
				9D8270EE28EE72D100C9D6D3 /* HealthBookTableViewCell.swift */,
				9D8270ED28EE72D100C9D6D3 /* HealthBookTableViewCell.xib */,
				9D8270EF28EE72D100C9D6D3 /* PetHealthBookViewController.swift */,
				9D8270F028EE72D100C9D6D3 /* PetHealthBookViewController.xib */,
			);
			path = PetHealthBook;
			sourceTree = "<group>";
		};
		9D8270F528EE730400C9D6D3 /* ListPet */ = {
			isa = PBXGroup;
			children = (
				9D8270F628EE730400C9D6D3 /* HomeList */,
				9D8270FD28EE730400C9D6D3 /* AddPet */,
			);
			path = ListPet;
			sourceTree = "<group>";
		};
		9D8270F628EE730400C9D6D3 /* HomeList */ = {
			isa = PBXGroup;
			children = (
				9D8270F728EE730400C9D6D3 /* ListPetViewController.xib */,
				9D8270F828EE730400C9D6D3 /* ListPetTableViewCell.swift */,
				9D8270F928EE730400C9D6D3 /* LogoListTableViewCell.xib */,
				9D8270FA28EE730400C9D6D3 /* ListPetViewController.swift */,
				9D8270FB28EE730400C9D6D3 /* ListPetTableViewCell.xib */,
				9D8270FC28EE730400C9D6D3 /* LogoListTableViewCell.swift */,
			);
			path = HomeList;
			sourceTree = "<group>";
		};
		9D8270FD28EE730400C9D6D3 /* AddPet */ = {
			isa = PBXGroup;
			children = (
				9D8270FE28EE730400C9D6D3 /* AddAvatarPetTableViewCell.swift */,
				9D8270FF28EE730400C9D6D3 /* AddInformationPetTableViewCell.xib */,
				9D82710028EE730400C9D6D3 /* AddPetViewController.swift */,
				9D82710128EE730400C9D6D3 /* AddInformationPetTableViewCell.swift */,
				9D82710228EE730400C9D6D3 /* AddAvatarPetTableViewCell.xib */,
				9D82710328EE730400C9D6D3 /* AddPetViewController.xib */,
			);
			path = AddPet;
			sourceTree = "<group>";
		};
		9D82711028EE81E200C9D6D3 /* LoginVC */ = {
			isa = PBXGroup;
			children = (
				9D82711428EE81E200C9D6D3 /* LoginViewController.swift */,
				9D82711328EE81E200C9D6D3 /* LoginViewController.xib */,
				9D82711128EE81E200C9D6D3 /* SignUpViewController.swift */,
				9D82711528EE81E200C9D6D3 /* SignUpViewController.xib */,
				9D82711628EE81E200C9D6D3 /* SuccessViewController.swift */,
				9D82711228EE81E200C9D6D3 /* SuccessViewController.xib */,
			);
			path = LoginVC;
			sourceTree = "<group>";
		};
		9D8DD30728EC07AF002DEE57 /* FavoriteVC */ = {
			isa = PBXGroup;
			children = (
				9D8DD30C28EC0822002DEE57 /* FavoriteCell */,
				9D8DD30828EC081B002DEE57 /* FavoriteViewController.swift */,
				9D8DD30928EC081B002DEE57 /* FavoriteViewController.xib */,
				9DBA744928EFC2E2005E7089 /* FavoriteVC.swift */,
				9DBA744A28EFC2E2005E7089 /* FavoriteVC.xib */,
			);
			path = FavoriteVC;
			sourceTree = "<group>";
		};
		9D8DD30C28EC0822002DEE57 /* FavoriteCell */ = {
			isa = PBXGroup;
			children = (
				9D8DD30D28EC083C002DEE57 /* FavoriteCell.swift */,
				9D8DD30E28EC083C002DEE57 /* FavoriteCell.xib */,
			);
			path = FavoriteCell;
			sourceTree = "<group>";
		};
		9D8DD31128EC0CF4002DEE57 /* Layout */ = {
			isa = PBXGroup;
			children = (
				9DBA745228EFFC4E005E7089 /* LoadingView */,
				9D7BA92728EA042700319CCE /* PinterestLayout.swift */,
				9D8DD39228ED3573002DEE57 /* StretchyTableHeaderView.swift */,
			);
			path = Layout;
			sourceTree = "<group>";
		};
		9D8DD34428EC35F3002DEE57 /* UserAccountVC */ = {
			isa = PBXGroup;
			children = (
				9DBA745728F04BD7005E7089 /* UserDetaitVC */,
				9D8DD36928EC367D002DEE57 /* InfomationCell */,
				9D8DD36828EC366D002DEE57 /* LogoutCell */,
				9D8DD36728EC365D002DEE57 /* PetCell */,
				9D8DD34528EC35F3002DEE57 /* AccountViewController.xib */,
				9D8DD34C28EC35F3002DEE57 /* AccountViewController.swift */,
			);
			path = UserAccountVC;
			sourceTree = "<group>";
		};
		9D8DD36728EC365D002DEE57 /* PetCell */ = {
			isa = PBXGroup;
			children = (
				9D8DD34928EC35F3002DEE57 /* PetTableViewCell.xib */,
				9D8DD34628EC35F3002DEE57 /* PetTableViewCell.swift */,
			);
			path = PetCell;
			sourceTree = "<group>";
		};
		9D8DD36828EC366D002DEE57 /* LogoutCell */ = {
			isa = PBXGroup;
			children = (
				9D8DD34B28EC35F3002DEE57 /* LogOutTableViewCell.xib */,
				9D8DD34828EC35F3002DEE57 /* LogOutTableViewCell.swift */,
			);
			path = LogoutCell;
			sourceTree = "<group>";
		};
		9D8DD36928EC367D002DEE57 /* InfomationCell */ = {
			isa = PBXGroup;
			children = (
				9D8DD34A28EC35F3002DEE57 /* InformationTableViewCell.xib */,
				9D8DD34728EC35F3002DEE57 /* InformationTableViewCell.swift */,
			);
			path = InfomationCell;
			sourceTree = "<group>";
		};
		9D8DD36A28EC4039002DEE57 /* HomeViewController */ = {
			isa = PBXGroup;
			children = (
				9D7BA91728E9591D00319CCE /* TableCell */,
				9D36D49128E5B426009B4061 /* HomeViewController.swift */,
				9D36D49228E5B426009B4061 /* HomeViewController.xib */,
			);
			path = HomeViewController;
			sourceTree = "<group>";
		};
		9D8DD39428ED9E35002DEE57 /* TrainingVC */ = {
			isa = PBXGroup;
			children = (
				9D8DD39528ED9E54002DEE57 /* TrainingViewController.swift */,
				9D8DD39628ED9E54002DEE57 /* TrainingViewController.xib */,
			);
			path = TrainingVC;
			sourceTree = "<group>";
		};
		9D8DD39928EDA034002DEE57 /* ListCell */ = {
			isa = PBXGroup;
			children = (
				9D8DD3CC28EDA830002DEE57 /* AnimalCell */,
				9D8DD39E28EDA034002DEE57 /* ListItemTableViewCell.swift */,
				9D8DD39B28EDA034002DEE57 /* ListItemTableViewCell.xib */,
			);
			path = ListCell;
			sourceTree = "<group>";
		};
		9D8DD3A228EDA034002DEE57 /* DetailItem */ = {
			isa = PBXGroup;
			children = (
				9D8DD3A528EDA034002DEE57 /* DetailItemCell */,
				9D8DD3A428EDA034002DEE57 /* DetailItemViewController.swift */,
				9D8DD3A328EDA034002DEE57 /* DetailItemViewController.xib */,
			);
			path = DetailItem;
			sourceTree = "<group>";
		};
		9D8DD3A528EDA034002DEE57 /* DetailItemCell */ = {
			isa = PBXGroup;
			children = (
				9D8DD3A928EDA034002DEE57 /* DescriptionTableViewCell.swift */,
				9D8DD3A728EDA034002DEE57 /* DescriptionTableViewCell.xib */,
				9D8DD3A828EDA034002DEE57 /* InforPetsCell.swift */,
				9D8DD3AA28EDA034002DEE57 /* InforPetsCell.xib */,
				9D8DD3A628EDA034002DEE57 /* NameTableViewCell.swift */,
				9D8DD3AB28EDA034002DEE57 /* NameTableViewCell.xib */,
			);
			path = DetailItemCell;
			sourceTree = "<group>";
		};
		9D8DD3CC28EDA830002DEE57 /* AnimalCell */ = {
			isa = PBXGroup;
			children = (
				9D8DD39A28EDA034002DEE57 /* ItemCollectionViewCell.swift */,
				9D8DD39D28EDA034002DEE57 /* ItemCollectionViewCell.xib */,
			);
			path = AnimalCell;
			sourceTree = "<group>";
		};
		9DA6AB4228E5B6BD00718B19 /* TabbarController */ = {
			isa = PBXGroup;
			children = (
				9DA6AB4328E5B75600718B19 /* TabbarController.swift */,
				9DA6AB4428E5B75600718B19 /* TabbarController.xib */,
			);
			path = TabbarController;
			sourceTree = "<group>";
		};
		9DA6AB4728E5BDF700718B19 /* Extension */ = {
			isa = PBXGroup;
			children = (
				9DA6AB4828E5BE1100718B19 /* Extension.swift */,
			);
			path = Extension;
			sourceTree = "<group>";
		};
		9DAD17D228E6F56700296533 /* FavoriteCollectionCell */ = {
			isa = PBXGroup;
			children = (
				9DAD17D328E6F62700296533 /* FavoriteCollectionCell.swift */,
				9DAD17D428E6F62700296533 /* FavoriteCollectionCell.xib */,
			);
			path = FavoriteCollectionCell;
			sourceTree = "<group>";
		};
		9DAD17D728E6F64000296533 /* CategoriesCollectionCell */ = {
			isa = PBXGroup;
			children = (
				9DAD17D828E6F69100296533 /* CategoriesCell.swift */,
				9DAD17D928E6F69100296533 /* CategoriesCell.xib */,
			);
			path = CategoriesCollectionCell;
			sourceTree = "<group>";
		};
		9DBA745228EFFC4E005E7089 /* LoadingView */ = {
			isa = PBXGroup;
			children = (
				9DBA745328EFFC6D005E7089 /* LoadingView.swift */,
				9DBA745428EFFC6D005E7089 /* LoadingView.xib */,
			);
			path = LoadingView;
			sourceTree = "<group>";
		};
		9DBA745728F04BD7005E7089 /* UserDetaitVC */ = {
			isa = PBXGroup;
			children = (
				9DBA745828F04BFF005E7089 /* UserDetailVC.swift */,
				9DBA745928F04BFF005E7089 /* UserDetailVC.xib */,
			);
			path = UserDetaitVC;
			sourceTree = "<group>";
		};
		E1E6063217B04F4C049F324C /* Pods */ = {
			isa = PBXGroup;
			children = (
				ABEE748361B55BC44C276FFB /* Pods-mock_project.debug.xcconfig */,
				20BA77867C9DC9937C77E627 /* Pods-mock_project.release.xcconfig */,
			);
			path = Pods;
			sourceTree = "<group>";
		};
/* End PBXGroup section */

/* Begin PBXNativeTarget section */
		9D36D47028E5B20C009B4061 /* mock_project */ = {
			isa = PBXNativeTarget;
			buildConfigurationList = 9D36D48828E5B20E009B4061 /* Build configuration list for PBXNativeTarget "mock_project" */;
			buildPhases = (
				5C79BBB968E0EA74C96E6CA5 /* [CP] Check Pods Manifest.lock */,
				9D36D46D28E5B20C009B4061 /* Sources */,
				9D36D46E28E5B20C009B4061 /* Frameworks */,
				9D36D46F28E5B20C009B4061 /* Resources */,
				9D7BA92F28EAD72000319CCE /* ShellScript */,
				450694DBAC03D354D2D4FBE3 /* [CP] Embed Pods Frameworks */,
			);
			buildRules = (
			);
			dependencies = (
			);
			name = mock_project;
			productName = mock_project;
			productReference = 9D36D47128E5B20C009B4061 /* mock_project.app */;
			productType = "com.apple.product-type.application";
		};
/* End PBXNativeTarget section */

/* Begin PBXProject section */
		9D36D46928E5B20C009B4061 /* Project object */ = {
			isa = PBXProject;
			attributes = {
				BuildIndependentTargetsInParallel = 1;
				LastSwiftUpdateCheck = 1340;
				LastUpgradeCheck = 1340;
				TargetAttributes = {
					9D36D47028E5B20C009B4061 = {
						CreatedOnToolsVersion = 13.4.1;
					};
				};
			};
			buildConfigurationList = 9D36D46C28E5B20C009B4061 /* Build configuration list for PBXProject "mock_project" */;
			compatibilityVersion = "Xcode 13.0";
			developmentRegion = en;
			hasScannedForEncodings = 0;
			knownRegions = (
				en,
				Base,
			);
			mainGroup = 9D36D46828E5B20C009B4061;
			productRefGroup = 9D36D47228E5B20C009B4061 /* Products */;
			projectDirPath = "";
			projectRoot = "";
			targets = (
				9D36D47028E5B20C009B4061 /* mock_project */,
			);
		};
/* End PBXProject section */

/* Begin PBXResourcesBuildPhase section */
		9D36D46F28E5B20C009B4061 /* Resources */ = {
			isa = PBXResourcesBuildPhase;
			buildActionMask = 2147483647;
			files = (
				9D8DD3AD28EDA034002DEE57 /* ListItemTableViewCell.xib in Resources */,
				9D7BA93428EADD1500319CCE /* HandBookViewController.xib in Resources */,
				9D8DD3CB28EDA178002DEE57 /* ListViewController.xib in Resources */,
				9D8270F428EE72D100C9D6D3 /* PetHealthBookViewController.xib in Resources */,
				9D8DD35228EC35F3002DEE57 /* InformationTableViewCell.xib in Resources */,
				9D8270F128EE72D100C9D6D3 /* HealthBookTableViewCell.xib in Resources */,
				9D36D48428E5B20E009B4061 /* LaunchScreen.storyboard in Resources */,
				9D36D48128E5B20E009B4061 /* Assets.xcassets in Resources */,
				9D82711828EE81E200C9D6D3 /* SuccessViewController.xib in Resources */,
				9D7BA92128E9599100319CCE /* FavoriteTableCell.xib in Resources */,
				9D82712028EEC82600C9D6D3 /* GoogleService-Info.plist in Resources */,
				9D82710E28EE730500C9D6D3 /* AddAvatarPetTableViewCell.xib in Resources */,
				9DBA745B28F04C00005E7089 /* UserDetailVC.xib in Resources */,
				9D7BA93928EAE9FF00319CCE /* SearchCell.xib in Resources */,
				9D4B693028F1638400C9C977 /* HandBookDetailVC.xib in Resources */,
				9D7BA93F28EAEA2600319CCE /* PostCell.xib in Resources */,
				9DA6AB4628E5B75600718B19 /* TabbarController.xib in Resources */,
				9D4B693528F1659100C9C977 /* HandBookPostCell.xib in Resources */,
				9D7BA91628E9585800319CCE /* LibraryCell.xib in Resources */,
				9D8DD31028EC083C002DEE57 /* FavoriteCell.xib in Resources */,
				9D8DD3BA28EDA034002DEE57 /* InforPetsCell.xib in Resources */,
				9D8DD3B728EDA034002DEE57 /* DescriptionTableViewCell.xib in Resources */,
				9D82710828EE730500C9D6D3 /* ListPetTableViewCell.xib in Resources */,
				9D8DD3B428EDA034002DEE57 /* DetailItemViewController.xib in Resources */,
				9D8270EA28EE725300C9D6D3 /* InforPetTableViewCell.xib in Resources */,
				9D7BA92628E959A600319CCE /* LibraryTableCell.xib in Resources */,
				9D8DD39828ED9E54002DEE57 /* TrainingViewController.xib in Resources */,
				9D36D47C28E5B20C009B4061 /* Main.storyboard in Resources */,
				9D8DD30B28EC081B002DEE57 /* FavoriteViewController.xib in Resources */,
				9D8DD34D28EC35F3002DEE57 /* AccountViewController.xib in Resources */,
				9D8270EB28EE725300C9D6D3 /* InformationPetViewController.xib in Resources */,
				9D82710B28EE730500C9D6D3 /* AddInformationPetTableViewCell.xib in Resources */,
				9D82710F28EE730500C9D6D3 /* AddPetViewController.xib in Resources */,
				9DBA745628EFFC6D005E7089 /* LoadingView.xib in Resources */,
				9D82711928EE81E200C9D6D3 /* LoginViewController.xib in Resources */,
				9D8DD35128EC35F3002DEE57 /* PetTableViewCell.xib in Resources */,
				9D36D49428E5B426009B4061 /* HomeViewController.xib in Resources */,
				9D7BA91B28E9595B00319CCE /* CategoriesTableCell.xib in Resources */,
				9DAD17D628E6F62700296533 /* FavoriteCollectionCell.xib in Resources */,
				9D82710428EE730500C9D6D3 /* ListPetViewController.xib in Resources */,
				9D8DD35328EC35F3002DEE57 /* LogOutTableViewCell.xib in Resources */,
				9D82711B28EE81E200C9D6D3 /* SignUpViewController.xib in Resources */,
				9D8DD3AF28EDA034002DEE57 /* ItemCollectionViewCell.xib in Resources */,
				9D7BA94328EAEAE900319CCE /* SearchTableCell.xib in Resources */,
				9DBA744C28EFC2E2005E7089 /* FavoriteVC.xib in Resources */,
				9DAD17DB28E6F69100296533 /* CategoriesCell.xib in Resources */,
				9D8DD3BB28EDA034002DEE57 /* NameTableViewCell.xib in Resources */,
				9D82710628EE730500C9D6D3 /* LogoListTableViewCell.xib in Resources */,
			);
			runOnlyForDeploymentPostprocessing = 0;
		};
/* End PBXResourcesBuildPhase section */

/* Begin PBXShellScriptBuildPhase section */
		450694DBAC03D354D2D4FBE3 /* [CP] Embed Pods Frameworks */ = {
			isa = PBXShellScriptBuildPhase;
			buildActionMask = 2147483647;
			files = (
			);
			inputFileListPaths = (
				"${PODS_ROOT}/Target Support Files/Pods-mock_project/Pods-mock_project-frameworks-${CONFIGURATION}-input-files.xcfilelist",
			);
			name = "[CP] Embed Pods Frameworks";
			outputFileListPaths = (
				"${PODS_ROOT}/Target Support Files/Pods-mock_project/Pods-mock_project-frameworks-${CONFIGURATION}-output-files.xcfilelist",
			);
			runOnlyForDeploymentPostprocessing = 0;
			shellPath = /bin/sh;
			shellScript = "\"${PODS_ROOT}/Target Support Files/Pods-mock_project/Pods-mock_project-frameworks.sh\"\n";
			showEnvVarsInLog = 0;
		};
		5C79BBB968E0EA74C96E6CA5 /* [CP] Check Pods Manifest.lock */ = {
			isa = PBXShellScriptBuildPhase;
			buildActionMask = 2147483647;
			files = (
			);
			inputFileListPaths = (
			);
			inputPaths = (
				"${PODS_PODFILE_DIR_PATH}/Podfile.lock",
				"${PODS_ROOT}/Manifest.lock",
			);
			name = "[CP] Check Pods Manifest.lock";
			outputFileListPaths = (
			);
			outputPaths = (
				"$(DERIVED_FILE_DIR)/Pods-mock_project-checkManifestLockResult.txt",
			);
			runOnlyForDeploymentPostprocessing = 0;
			shellPath = /bin/sh;
			shellScript = "diff \"${PODS_PODFILE_DIR_PATH}/Podfile.lock\" \"${PODS_ROOT}/Manifest.lock\" > /dev/null\nif [ $? != 0 ] ; then\n    # print error to STDERR\n    echo \"error: The sandbox is not in sync with the Podfile.lock. Run 'pod install' or update your CocoaPods installation.\" >&2\n    exit 1\nfi\n# This output is used by Xcode 'outputs' to avoid re-running this script phase.\necho \"SUCCESS\" > \"${SCRIPT_OUTPUT_FILE_0}\"\n";
			showEnvVarsInLog = 0;
		};
		9D7BA92F28EAD72000319CCE /* ShellScript */ = {
			isa = PBXShellScriptBuildPhase;
			buildActionMask = 2147483647;
			files = (
			);
			inputFileListPaths = (
			);
			inputPaths = (
			);
			outputFileListPaths = (
			);
			outputPaths = (
			);
			runOnlyForDeploymentPostprocessing = 0;
			shellPath = /bin/sh;
			shellScript = "export PATH=\"$PATH:/opt/homebrew/bin\"\nif which swiftlint > /dev/null; then\n  swiftlint\nelse\n  echo \"warning: SwiftLint not installed, download from https://github.com/realm/SwiftLint\"\nfi\n";
		};
/* End PBXShellScriptBuildPhase section */

/* Begin PBXSourcesBuildPhase section */
		9D36D46D28E5B20C009B4061 /* Sources */ = {
			isa = PBXSourcesBuildPhase;
			buildActionMask = 2147483647;
			files = (
				9D82711728EE81E200C9D6D3 /* SignUpViewController.swift in Sources */,
				9D8DD39328ED3573002DEE57 /* StretchyTableHeaderView.swift in Sources */,
				9D8270F228EE72D100C9D6D3 /* HealthBookTableViewCell.swift in Sources */,
				9D8DD30A28EC081B002DEE57 /* FavoriteViewController.swift in Sources */,
				9DBA745A28F04C00005E7089 /* UserDetailVC.swift in Sources */,
				9DBA744B28EFC2E2005E7089 /* FavoriteVC.swift in Sources */,
				9D82710928EE730500C9D6D3 /* LogoListTableViewCell.swift in Sources */,
				9D82710528EE730500C9D6D3 /* ListPetTableViewCell.swift in Sources */,
				9DA6AB4928E5BE1100718B19 /* Extension.swift in Sources */,
				9D82710D28EE730500C9D6D3 /* AddInformationPetTableViewCell.swift in Sources */,
				9D8DD34F28EC35F3002DEE57 /* InformationTableViewCell.swift in Sources */,
				9D7BA93828EAE9FF00319CCE /* SearchCell.swift in Sources */,
				9D36D47928E5B20C009B4061 /* LaunchController.swift in Sources */,
				9D8DD35028EC35F3002DEE57 /* LogOutTableViewCell.swift in Sources */,
				9D82711A28EE81E200C9D6D3 /* LoginViewController.swift in Sources */,
				9D4B692F28F1638400C9C977 /* HandBookDetailVC.swift in Sources */,
				9D82711E28EE8D2100C9D6D3 /* Animals.swift in Sources */,
				9D82710A28EE730500C9D6D3 /* AddAvatarPetTableViewCell.swift in Sources */,
				9D8270E828EE725300C9D6D3 /* InforPetTableViewCell.swift in Sources */,
				9D8DD3B528EDA034002DEE57 /* DetailItemViewController.swift in Sources */,
				9DA6AB4528E5B75600718B19 /* TabbarController.swift in Sources */,
				9D7BA94228EAEAE900319CCE /* SearchTableCell.swift in Sources */,
				9D8DD35428EC35F3002DEE57 /* AccountViewController.swift in Sources */,
				9D8DD3B628EDA034002DEE57 /* NameTableViewCell.swift in Sources */,
				9D8270F328EE72D100C9D6D3 /* PetHealthBookViewController.swift in Sources */,
				9D8DD3AC28EDA034002DEE57 /* ItemCollectionViewCell.swift in Sources */,
				9D82712228EEEB4400C9D6D3 /* UserManager.swift in Sources */,
				9D8DD3B928EDA034002DEE57 /* DescriptionTableViewCell.swift in Sources */,
				9D7BA91128E9562F00319CCE /* HomeInstance.swift in Sources */,
				9D7BA91528E9585800319CCE /* LibraryCell.swift in Sources */,
				9DAD17DA28E6F69100296533 /* CategoriesCell.swift in Sources */,
				9D36D47F28E5B20C009B4061 /* mock_project.xcdatamodeld in Sources */,
				9D36D47528E5B20C009B4061 /* AppDelegate.swift in Sources */,
				9D8DD39728ED9E54002DEE57 /* TrainingViewController.swift in Sources */,
				9D7BA91A28E9595B00319CCE /* CategoriesTableCell.swift in Sources */,
				9D4B692B28F1355F00C9C977 /* HandBook.swift in Sources */,
				9DAD17D528E6F62700296533 /* FavoriteCollectionCell.swift in Sources */,
				9D8DD34E28EC35F3002DEE57 /* PetTableViewCell.swift in Sources */,
				9D8DD3B028EDA034002DEE57 /* ListItemTableViewCell.swift in Sources */,
				9DBA745528EFFC6D005E7089 /* LoadingView.swift in Sources */,
				9D7BA92028E9599100319CCE /* FavoriteTableCell.swift in Sources */,
				9D36D49328E5B426009B4061 /* HomeViewController.swift in Sources */,
				9D8270E928EE725300C9D6D3 /* InformationPetViewController.swift in Sources */,
				9D7BA93E28EAEA2600319CCE /* PostCell.swift in Sources */,
				9D36D47728E5B20C009B4061 /* SceneDelegate.swift in Sources */,
				9D4B693428F1659100C9C977 /* HandBookPostCell.swift in Sources */,
				9D7BA92828EA042700319CCE /* PinterestLayout.swift in Sources */,
				9D7BA93328EADD1500319CCE /* HandBookViewController.swift in Sources */,
				9D8DD3B828EDA034002DEE57 /* InforPetsCell.swift in Sources */,
				9D82711C28EE81E200C9D6D3 /* SuccessViewController.swift in Sources */,
				9D82710728EE730500C9D6D3 /* ListPetViewController.swift in Sources */,
				9D8DD30F28EC083C002DEE57 /* FavoriteCell.swift in Sources */,
				9D82710C28EE730500C9D6D3 /* AddPetViewController.swift in Sources */,
				9D8DD3CA28EDA178002DEE57 /* ListViewController.swift in Sources */,
				9D7BA92528E959A600319CCE /* LibraryTableCell.swift in Sources */,
			);
			runOnlyForDeploymentPostprocessing = 0;
		};
/* End PBXSourcesBuildPhase section */

/* Begin PBXVariantGroup section */
		9D36D47A28E5B20C009B4061 /* Main.storyboard */ = {
			isa = PBXVariantGroup;
			children = (
				9D36D47B28E5B20C009B4061 /* Base */,
			);
			name = Main.storyboard;
			sourceTree = "<group>";
		};
		9D36D48228E5B20E009B4061 /* LaunchScreen.storyboard */ = {
			isa = PBXVariantGroup;
			children = (
				9D36D48328E5B20E009B4061 /* Base */,
			);
			name = LaunchScreen.storyboard;
			sourceTree = "<group>";
		};
/* End PBXVariantGroup section */

/* Begin XCBuildConfiguration section */
		9D36D48628E5B20E009B4061 /* Debug */ = {
			isa = XCBuildConfiguration;
			buildSettings = {
				ALWAYS_SEARCH_USER_PATHS = NO;
				CLANG_ANALYZER_NONNULL = YES;
				CLANG_ANALYZER_NUMBER_OBJECT_CONVERSION = YES_AGGRESSIVE;
				CLANG_CXX_LANGUAGE_STANDARD = "gnu++17";
				CLANG_ENABLE_MODULES = YES;
				CLANG_ENABLE_OBJC_ARC = YES;
				CLANG_ENABLE_OBJC_WEAK = YES;
				CLANG_WARN_BLOCK_CAPTURE_AUTORELEASING = YES;
				CLANG_WARN_BOOL_CONVERSION = YES;
				CLANG_WARN_COMMA = YES;
				CLANG_WARN_CONSTANT_CONVERSION = YES;
				CLANG_WARN_DEPRECATED_OBJC_IMPLEMENTATIONS = YES;
				CLANG_WARN_DIRECT_OBJC_ISA_USAGE = YES_ERROR;
				CLANG_WARN_DOCUMENTATION_COMMENTS = YES;
				CLANG_WARN_EMPTY_BODY = YES;
				CLANG_WARN_ENUM_CONVERSION = YES;
				CLANG_WARN_INFINITE_RECURSION = YES;
				CLANG_WARN_INT_CONVERSION = YES;
				CLANG_WARN_NON_LITERAL_NULL_CONVERSION = YES;
				CLANG_WARN_OBJC_IMPLICIT_RETAIN_SELF = YES;
				CLANG_WARN_OBJC_LITERAL_CONVERSION = YES;
				CLANG_WARN_OBJC_ROOT_CLASS = YES_ERROR;
				CLANG_WARN_QUOTED_INCLUDE_IN_FRAMEWORK_HEADER = YES;
				CLANG_WARN_RANGE_LOOP_ANALYSIS = YES;
				CLANG_WARN_STRICT_PROTOTYPES = YES;
				CLANG_WARN_SUSPICIOUS_MOVE = YES;
				CLANG_WARN_UNGUARDED_AVAILABILITY = YES_AGGRESSIVE;
				CLANG_WARN_UNREACHABLE_CODE = YES;
				CLANG_WARN__DUPLICATE_METHOD_MATCH = YES;
				COPY_PHASE_STRIP = NO;
				DEBUG_INFORMATION_FORMAT = dwarf;
				ENABLE_STRICT_OBJC_MSGSEND = YES;
				ENABLE_TESTABILITY = YES;
				GCC_C_LANGUAGE_STANDARD = gnu11;
				GCC_DYNAMIC_NO_PIC = NO;
				GCC_NO_COMMON_BLOCKS = YES;
				GCC_OPTIMIZATION_LEVEL = 0;
				GCC_PREPROCESSOR_DEFINITIONS = (
					"DEBUG=1",
					"$(inherited)",
				);
				GCC_WARN_64_TO_32_BIT_CONVERSION = YES;
				GCC_WARN_ABOUT_RETURN_TYPE = YES_ERROR;
				GCC_WARN_UNDECLARED_SELECTOR = YES;
				GCC_WARN_UNINITIALIZED_AUTOS = YES_AGGRESSIVE;
				GCC_WARN_UNUSED_FUNCTION = YES;
				GCC_WARN_UNUSED_VARIABLE = YES;
				IPHONEOS_DEPLOYMENT_TARGET = 15.5;
				MTL_ENABLE_DEBUG_INFO = INCLUDE_SOURCE;
				MTL_FAST_MATH = YES;
				ONLY_ACTIVE_ARCH = YES;
				SDKROOT = iphoneos;
				SWIFT_ACTIVE_COMPILATION_CONDITIONS = DEBUG;
				SWIFT_OPTIMIZATION_LEVEL = "-Onone";
			};
			name = Debug;
		};
		9D36D48728E5B20E009B4061 /* Release */ = {
			isa = XCBuildConfiguration;
			buildSettings = {
				ALWAYS_SEARCH_USER_PATHS = NO;
				CLANG_ANALYZER_NONNULL = YES;
				CLANG_ANALYZER_NUMBER_OBJECT_CONVERSION = YES_AGGRESSIVE;
				CLANG_CXX_LANGUAGE_STANDARD = "gnu++17";
				CLANG_ENABLE_MODULES = YES;
				CLANG_ENABLE_OBJC_ARC = YES;
				CLANG_ENABLE_OBJC_WEAK = YES;
				CLANG_WARN_BLOCK_CAPTURE_AUTORELEASING = YES;
				CLANG_WARN_BOOL_CONVERSION = YES;
				CLANG_WARN_COMMA = YES;
				CLANG_WARN_CONSTANT_CONVERSION = YES;
				CLANG_WARN_DEPRECATED_OBJC_IMPLEMENTATIONS = YES;
				CLANG_WARN_DIRECT_OBJC_ISA_USAGE = YES_ERROR;
				CLANG_WARN_DOCUMENTATION_COMMENTS = YES;
				CLANG_WARN_EMPTY_BODY = YES;
				CLANG_WARN_ENUM_CONVERSION = YES;
				CLANG_WARN_INFINITE_RECURSION = YES;
				CLANG_WARN_INT_CONVERSION = YES;
				CLANG_WARN_NON_LITERAL_NULL_CONVERSION = YES;
				CLANG_WARN_OBJC_IMPLICIT_RETAIN_SELF = YES;
				CLANG_WARN_OBJC_LITERAL_CONVERSION = YES;
				CLANG_WARN_OBJC_ROOT_CLASS = YES_ERROR;
				CLANG_WARN_QUOTED_INCLUDE_IN_FRAMEWORK_HEADER = YES;
				CLANG_WARN_RANGE_LOOP_ANALYSIS = YES;
				CLANG_WARN_STRICT_PROTOTYPES = YES;
				CLANG_WARN_SUSPICIOUS_MOVE = YES;
				CLANG_WARN_UNGUARDED_AVAILABILITY = YES_AGGRESSIVE;
				CLANG_WARN_UNREACHABLE_CODE = YES;
				CLANG_WARN__DUPLICATE_METHOD_MATCH = YES;
				COPY_PHASE_STRIP = NO;
				DEBUG_INFORMATION_FORMAT = "dwarf-with-dsym";
				ENABLE_NS_ASSERTIONS = NO;
				ENABLE_STRICT_OBJC_MSGSEND = YES;
				GCC_C_LANGUAGE_STANDARD = gnu11;
				GCC_NO_COMMON_BLOCKS = YES;
				GCC_WARN_64_TO_32_BIT_CONVERSION = YES;
				GCC_WARN_ABOUT_RETURN_TYPE = YES_ERROR;
				GCC_WARN_UNDECLARED_SELECTOR = YES;
				GCC_WARN_UNINITIALIZED_AUTOS = YES_AGGRESSIVE;
				GCC_WARN_UNUSED_FUNCTION = YES;
				GCC_WARN_UNUSED_VARIABLE = YES;
				IPHONEOS_DEPLOYMENT_TARGET = 15.5;
				MTL_ENABLE_DEBUG_INFO = NO;
				MTL_FAST_MATH = YES;
				SDKROOT = iphoneos;
				SWIFT_COMPILATION_MODE = wholemodule;
				SWIFT_OPTIMIZATION_LEVEL = "-O";
				VALIDATE_PRODUCT = YES;
			};
			name = Release;
		};
		9D36D48928E5B20E009B4061 /* Debug */ = {
			isa = XCBuildConfiguration;
			baseConfigurationReference = ABEE748361B55BC44C276FFB /* Pods-mock_project.debug.xcconfig */;
			buildSettings = {
				ASSETCATALOG_COMPILER_APPICON_NAME = AppIcon;
				ASSETCATALOG_COMPILER_GLOBAL_ACCENT_COLOR_NAME = AccentColor;
				CODE_SIGN_STYLE = Automatic;
				CURRENT_PROJECT_VERSION = 1;
				GENERATE_INFOPLIST_FILE = YES;
				INFOPLIST_FILE = mock_project/Info.plist;
				INFOPLIST_KEY_UIApplicationSupportsIndirectInputEvents = YES;
				INFOPLIST_KEY_UILaunchStoryboardName = LaunchScreen;
				INFOPLIST_KEY_UIMainStoryboardFile = Main;
				INFOPLIST_KEY_UISupportedInterfaceOrientations_iPad = "UIInterfaceOrientationPortrait UIInterfaceOrientationPortraitUpsideDown UIInterfaceOrientationLandscapeLeft UIInterfaceOrientationLandscapeRight";
				INFOPLIST_KEY_UISupportedInterfaceOrientations_iPhone = "UIInterfaceOrientationPortrait UIInterfaceOrientationLandscapeLeft UIInterfaceOrientationLandscapeRight";
				IPHONEOS_DEPLOYMENT_TARGET = 15.5;
				LD_RUNPATH_SEARCH_PATHS = (
					"$(inherited)",
					"@executable_path/Frameworks",
				);
				MARKETING_VERSION = 1.0;
				PRODUCT_BUNDLE_IDENTIFIER = "mock-project.mock-project";
				PRODUCT_NAME = "$(TARGET_NAME)";
				SWIFT_EMIT_LOC_STRINGS = YES;
				SWIFT_VERSION = 5.0;
				TARGETED_DEVICE_FAMILY = 1;
			};
			name = Debug;
		};
		9D36D48A28E5B20E009B4061 /* Release */ = {
			isa = XCBuildConfiguration;
			baseConfigurationReference = 20BA77867C9DC9937C77E627 /* Pods-mock_project.release.xcconfig */;
			buildSettings = {
				ASSETCATALOG_COMPILER_APPICON_NAME = AppIcon;
				ASSETCATALOG_COMPILER_GLOBAL_ACCENT_COLOR_NAME = AccentColor;
				CODE_SIGN_STYLE = Automatic;
				CURRENT_PROJECT_VERSION = 1;
				GENERATE_INFOPLIST_FILE = YES;
				INFOPLIST_FILE = mock_project/Info.plist;
				INFOPLIST_KEY_UIApplicationSupportsIndirectInputEvents = YES;
				INFOPLIST_KEY_UILaunchStoryboardName = LaunchScreen;
				INFOPLIST_KEY_UIMainStoryboardFile = Main;
				INFOPLIST_KEY_UISupportedInterfaceOrientations_iPad = "UIInterfaceOrientationPortrait UIInterfaceOrientationPortraitUpsideDown UIInterfaceOrientationLandscapeLeft UIInterfaceOrientationLandscapeRight";
				INFOPLIST_KEY_UISupportedInterfaceOrientations_iPhone = "UIInterfaceOrientationPortrait UIInterfaceOrientationLandscapeLeft UIInterfaceOrientationLandscapeRight";
				IPHONEOS_DEPLOYMENT_TARGET = 15.5;
				LD_RUNPATH_SEARCH_PATHS = (
					"$(inherited)",
					"@executable_path/Frameworks",
				);
				MARKETING_VERSION = 1.0;
				PRODUCT_BUNDLE_IDENTIFIER = "mock-project.mock-project";
				PRODUCT_NAME = "$(TARGET_NAME)";
				SWIFT_EMIT_LOC_STRINGS = YES;
				SWIFT_VERSION = 5.0;
				TARGETED_DEVICE_FAMILY = 1;
			};
			name = Release;
		};
/* End XCBuildConfiguration section */

/* Begin XCConfigurationList section */
		9D36D46C28E5B20C009B4061 /* Build configuration list for PBXProject "mock_project" */ = {
			isa = XCConfigurationList;
			buildConfigurations = (
				9D36D48628E5B20E009B4061 /* Debug */,
				9D36D48728E5B20E009B4061 /* Release */,
			);
			defaultConfigurationIsVisible = 0;
			defaultConfigurationName = Release;
		};
		9D36D48828E5B20E009B4061 /* Build configuration list for PBXNativeTarget "mock_project" */ = {
			isa = XCConfigurationList;
			buildConfigurations = (
				9D36D48928E5B20E009B4061 /* Debug */,
				9D36D48A28E5B20E009B4061 /* Release */,
			);
			defaultConfigurationIsVisible = 0;
			defaultConfigurationName = Release;
		};
/* End XCConfigurationList section */

/* Begin XCVersionGroup section */
		9D36D47D28E5B20C009B4061 /* mock_project.xcdatamodeld */ = {
			isa = XCVersionGroup;
			children = (
				9D36D47E28E5B20C009B4061 /* mock_project.xcdatamodel */,
			);
			currentVersion = 9D36D47E28E5B20C009B4061 /* mock_project.xcdatamodel */;
			path = mock_project.xcdatamodeld;
			sourceTree = "<group>";
			versionGroupType = wrapper.xcdatamodel;
		};
/* End XCVersionGroup section */
	};
	rootObject = 9D36D46928E5B20C009B4061 /* Project object */;
}
